// !$*UTF8*$!
{
	archiveVersion = 1;
	classes = {
	};
	objectVersion = 46;
	objects = {

/* Begin PBXBuildFile section */
		2B04BCFB1A7C541400494335 /* SwiftyJSON.swift in Sources */ = {isa = PBXBuildFile; fileRef = 2B04BCFA1A7C541400494335 /* SwiftyJSON.swift */; };
		2B04BD091A80042000494335 /* RNCryptor.m in Sources */ = {isa = PBXBuildFile; fileRef = 2B04BD021A80042000494335 /* RNCryptor.m */; };
		2B04BD0A1A80042000494335 /* RNCryptorEngine.m in Sources */ = {isa = PBXBuildFile; fileRef = 2B04BD041A80042000494335 /* RNCryptorEngine.m */; };
		2B04BD0B1A80042000494335 /* RNDecryptor.m in Sources */ = {isa = PBXBuildFile; fileRef = 2B04BD061A80042000494335 /* RNDecryptor.m */; };
		2B04BD0C1A80042000494335 /* RNEncryptor.m in Sources */ = {isa = PBXBuildFile; fileRef = 2B04BD081A80042000494335 /* RNEncryptor.m */; };
		2B04BD101A801FC700494335 /* NewUserController.swift in Sources */ = {isa = PBXBuildFile; fileRef = 2B04BD0F1A801FC700494335 /* NewUserController.swift */; };
		2B04BD121A80228300494335 /* BackendConstants.swift in Sources */ = {isa = PBXBuildFile; fileRef = 2B04BD111A80228300494335 /* BackendConstants.swift */; };
		2B148B4C1A8C4794000E385F /* GoogleMaps.framework in Frameworks */ = {isa = PBXBuildFile; fileRef = 2B3A3D8C1A8C43CB000AC892 /* GoogleMaps.framework */; };
		2B148B5F1A8C4E6F000E385F /* BluemixCommunication.swift in Sources */ = {isa = PBXBuildFile; fileRef = 2B148B5E1A8C4E6F000E385F /* BluemixCommunication.swift */; };
		2B3A3D8F1A8C43DC000AC892 /* GoogleMaps.bundle in Resources */ = {isa = PBXBuildFile; fileRef = 2B3A3D8E1A8C43DC000AC892 /* GoogleMaps.bundle */; };
		2B79B90E1A88231B00544E78 /* ViewEventController.swift in Sources */ = {isa = PBXBuildFile; fileRef = 2B79B90D1A88231B00544E78 /* ViewEventController.swift */; };
		2B79B9191A883BB900544E78 /* AVFoundation.framework in Frameworks */ = {isa = PBXBuildFile; fileRef = 2B79B9181A883BB900544E78 /* AVFoundation.framework */; };
		2B79B91B1A883BC100544E78 /* CoreData.framework in Frameworks */ = {isa = PBXBuildFile; fileRef = 2B79B91A1A883BC100544E78 /* CoreData.framework */; };
		2B79B91D1A883BC800544E78 /* CoreLocation.framework in Frameworks */ = {isa = PBXBuildFile; fileRef = 2B79B91C1A883BC800544E78 /* CoreLocation.framework */; };
		2B79B91F1A883BD000544E78 /* CoreText.framework in Frameworks */ = {isa = PBXBuildFile; fileRef = 2B79B91E1A883BD000544E78 /* CoreText.framework */; };
		2B79B9211A883BDA00544E78 /* GLKit.framework in Frameworks */ = {isa = PBXBuildFile; fileRef = 2B79B9201A883BDA00544E78 /* GLKit.framework */; };
		2B79B9231A883BE100544E78 /* ImageIO.framework in Frameworks */ = {isa = PBXBuildFile; fileRef = 2B79B9221A883BE100544E78 /* ImageIO.framework */; };
		2B79B9251A883BF700544E78 /* libc++.dylib in Frameworks */ = {isa = PBXBuildFile; fileRef = 2B79B9241A883BF700544E78 /* libc++.dylib */; };
		2B79B9271A883BFF00544E78 /* libicucore.dylib in Frameworks */ = {isa = PBXBuildFile; fileRef = 2B79B9261A883BFF00544E78 /* libicucore.dylib */; };
		2B79B9291A883C0500544E78 /* libz.dylib in Frameworks */ = {isa = PBXBuildFile; fileRef = 2B79B9281A883C0500544E78 /* libz.dylib */; };
		2B79B92B1A883C1000544E78 /* OpenGLES.framework in Frameworks */ = {isa = PBXBuildFile; fileRef = 2B79B92A1A883C1000544E78 /* OpenGLES.framework */; };
		2B79B92D1A883C2700544E78 /* QuartzCore.framework in Frameworks */ = {isa = PBXBuildFile; fileRef = 2B79B92C1A883C2700544E78 /* QuartzCore.framework */; };
		2B79B92F1A883C3400544E78 /* SystemConfiguration.framework in Frameworks */ = {isa = PBXBuildFile; fileRef = 2B79B92E1A883C3400544E78 /* SystemConfiguration.framework */; };
		2BBE282D1A84282000594E24 /* NewsFeedCell.xib in Resources */ = {isa = PBXBuildFile; fileRef = 2BBE282C1A84282000594E24 /* NewsFeedCell.xib */; };
		2BC1C5F11A97FD6E000F14DA /* SwiftAddressBookWrapper.swift in Sources */ = {isa = PBXBuildFile; fileRef = 2BC1C5F01A97FD6E000F14DA /* SwiftAddressBookWrapper.swift */; };
		2BC1C5F71A9A6733000F14DA /* AddFriendsViewController.swift in Sources */ = {isa = PBXBuildFile; fileRef = 2BC1C5F61A9A6733000F14DA /* AddFriendsViewController.swift */; };
		2BC1C5F91A9A6ABF000F14DA /* ContactTableViewCell.swift in Sources */ = {isa = PBXBuildFile; fileRef = 2BC1C5F81A9A6ABF000F14DA /* ContactTableViewCell.swift */; };
		2BC7D80F1A87FCD600F21401 /* UserPreferences.swift in Sources */ = {isa = PBXBuildFile; fileRef = 2BC7D80E1A87FCD600F21401 /* UserPreferences.swift */; };
		2BC9C4331A956CCB0044D886 /* Social.framework in Frameworks */ = {isa = PBXBuildFile; fileRef = 2BC9C4321A956CCB0044D886 /* Social.framework */; };
		2BC9C4351A956D4F0044D886 /* AudioToolbox.framework in Frameworks */ = {isa = PBXBuildFile; fileRef = 2BC9C4341A956D4F0044D886 /* AudioToolbox.framework */; };
		2BC9C4371A956D6E0044D886 /* CFNetwork.framework in Frameworks */ = {isa = PBXBuildFile; fileRef = 2BC9C4361A956D6E0044D886 /* CFNetwork.framework */; };
		2BC9C4391A956D8A0044D886 /* Firebase.framework in Frameworks */ = {isa = PBXBuildFile; fileRef = 2BC9C4381A956D8A0044D886 /* Firebase.framework */; };
		2BC9C43A1A956DC40044D886 /* CryptoSwift.framework in Frameworks */ = {isa = PBXBuildFile; fileRef = 2BC9C42F1A956C050044D886 /* CryptoSwift.framework */; };
		2BC9C43C1A956DF90044D886 /* Firebase.framework in Frameworks */ = {isa = PBXBuildFile; fileRef = 2BC9C43B1A956DF90044D886 /* Firebase.framework */; };
		2BC9C4931A956EB00044D886 /* bubble.png in Resources */ = {isa = PBXBuildFile; fileRef = 2BC9C4401A956EAF0044D886 /* bubble.png */; };
		2BC9C4941A956EB00044D886 /* bubble@2x.png in Resources */ = {isa = PBXBuildFile; fileRef = 2BC9C4411A956EAF0044D886 /* bubble@2x.png */; };
		2BC9C4951A956EB00044D886 /* bubble_min.png in Resources */ = {isa = PBXBuildFile; fileRef = 2BC9C4421A956EAF0044D886 /* bubble_min.png */; };
		2BC9C4961A956EB00044D886 /* bubble_min@2x.png in Resources */ = {isa = PBXBuildFile; fileRef = 2BC9C4431A956EAF0044D886 /* bubble_min@2x.png */; };
		2BC9C4971A956EB00044D886 /* bubble_min_tailless.png in Resources */ = {isa = PBXBuildFile; fileRef = 2BC9C4441A956EAF0044D886 /* bubble_min_tailless.png */; };
		2BC9C4981A956EB00044D886 /* bubble_min_tailless@2x.png in Resources */ = {isa = PBXBuildFile; fileRef = 2BC9C4451A956EAF0044D886 /* bubble_min_tailless@2x.png */; };
		2BC9C4991A956EB00044D886 /* bubble_stroked.png in Resources */ = {isa = PBXBuildFile; fileRef = 2BC9C4461A956EAF0044D886 /* bubble_stroked.png */; };
		2BC9C49A1A956EB00044D886 /* bubble_stroked@2x.png in Resources */ = {isa = PBXBuildFile; fileRef = 2BC9C4471A956EAF0044D886 /* bubble_stroked@2x.png */; };
		2BC9C49B1A956EB00044D886 /* bubble_stroked_tailless.png in Resources */ = {isa = PBXBuildFile; fileRef = 2BC9C4481A956EAF0044D886 /* bubble_stroked_tailless.png */; };
		2BC9C49C1A956EB00044D886 /* bubble_stroked_tailless@2x.png in Resources */ = {isa = PBXBuildFile; fileRef = 2BC9C4491A956EAF0044D886 /* bubble_stroked_tailless@2x.png */; };
		2BC9C49D1A956EB00044D886 /* bubble_tailless.png in Resources */ = {isa = PBXBuildFile; fileRef = 2BC9C44A1A956EAF0044D886 /* bubble_tailless.png */; };
		2BC9C49E1A956EB00044D886 /* bubble_tailless@2x.png in Resources */ = {isa = PBXBuildFile; fileRef = 2BC9C44B1A956EAF0044D886 /* bubble_tailless@2x.png */; };
		2BC9C49F1A956EB00044D886 /* camera.png in Resources */ = {isa = PBXBuildFile; fileRef = 2BC9C44C1A956EAF0044D886 /* camera.png */; };
		2BC9C4A01A956EB00044D886 /* camera@2x.png in Resources */ = {isa = PBXBuildFile; fileRef = 2BC9C44D1A956EAF0044D886 /* camera@2x.png */; };
		2BC9C4A11A956EB00044D886 /* typing.png in Resources */ = {isa = PBXBuildFile; fileRef = 2BC9C44E1A956EAF0044D886 /* typing.png */; };
		2BC9C4A21A956EB00044D886 /* typing@2x.png in Resources */ = {isa = PBXBuildFile; fileRef = 2BC9C44F1A956EAF0044D886 /* typing@2x.png */; };
		2BC9C4A31A956EB00044D886 /* message_received.aiff in Resources */ = {isa = PBXBuildFile; fileRef = 2BC9C4511A956EAF0044D886 /* message_received.aiff */; };
		2BC9C4A41A956EB00044D886 /* message_sent.aiff in Resources */ = {isa = PBXBuildFile; fileRef = 2BC9C4521A956EAF0044D886 /* message_sent.aiff */; };
		2BC9C4A51A956EB00044D886 /* JSQSystemSoundPlayer+JSQMessages.m in Sources */ = {isa = PBXBuildFile; fileRef = 2BC9C4551A956EAF0044D886 /* JSQSystemSoundPlayer+JSQMessages.m */; };
		2BC9C4A61A956EB00044D886 /* NSString+JSQMessages.m in Sources */ = {isa = PBXBuildFile; fileRef = 2BC9C4571A956EAF0044D886 /* NSString+JSQMessages.m */; };
		2BC9C4A71A956EB00044D886 /* UIColor+JSQMessages.m in Sources */ = {isa = PBXBuildFile; fileRef = 2BC9C4591A956EAF0044D886 /* UIColor+JSQMessages.m */; };
		2BC9C4A81A956EB00044D886 /* UIImage+JSQMessages.m in Sources */ = {isa = PBXBuildFile; fileRef = 2BC9C45B1A956EAF0044D886 /* UIImage+JSQMessages.m */; };
		2BC9C4A91A956EB00044D886 /* UIView+JSQMessages.m in Sources */ = {isa = PBXBuildFile; fileRef = 2BC9C45D1A956EAF0044D886 /* UIView+JSQMessages.m */; };
		2BC9C4AA1A956EB00044D886 /* JSQMessagesKeyboardController.m in Sources */ = {isa = PBXBuildFile; fileRef = 2BC9C4601A956EAF0044D886 /* JSQMessagesKeyboardController.m */; };
		2BC9C4AB1A956EB00044D886 /* JSQMessagesViewController.m in Sources */ = {isa = PBXBuildFile; fileRef = 2BC9C4621A956EAF0044D886 /* JSQMessagesViewController.m */; };
		2BC9C4AC1A956EB00044D886 /* JSQMessagesViewController.xib in Resources */ = {isa = PBXBuildFile; fileRef = 2BC9C4631A956EAF0044D886 /* JSQMessagesViewController.xib */; };
		2BC9C4AD1A956EB00044D886 /* JSQMessagesAvatarFactory.m in Sources */ = {isa = PBXBuildFile; fileRef = 2BC9C4661A956EAF0044D886 /* JSQMessagesAvatarFactory.m */; };
		2BC9C4AE1A956EB00044D886 /* JSQMessagesBubbleImageFactory.m in Sources */ = {isa = PBXBuildFile; fileRef = 2BC9C4681A956EAF0044D886 /* JSQMessagesBubbleImageFactory.m */; };
		2BC9C4AF1A956EB00044D886 /* JSQMessagesTimestampFormatter.m in Sources */ = {isa = PBXBuildFile; fileRef = 2BC9C46A1A956EAF0044D886 /* JSQMessagesTimestampFormatter.m */; };
		2BC9C4B01A956EB00044D886 /* JSQMessagesToolbarButtonFactory.m in Sources */ = {isa = PBXBuildFile; fileRef = 2BC9C46C1A956EAF0044D886 /* JSQMessagesToolbarButtonFactory.m */; };
		2BC9C4B11A956EB00044D886 /* JSQMessagesCollectionViewFlowLayout.m in Sources */ = {isa = PBXBuildFile; fileRef = 2BC9C4701A956EAF0044D886 /* JSQMessagesCollectionViewFlowLayout.m */; };
		2BC9C4B21A956EB00044D886 /* JSQMessagesCollectionViewFlowLayoutInvalidationContext.m in Sources */ = {isa = PBXBuildFile; fileRef = 2BC9C4721A956EAF0044D886 /* JSQMessagesCollectionViewFlowLayoutInvalidationContext.m */; };
		2BC9C4B31A956EB00044D886 /* JSQMessagesCollectionViewLayoutAttributes.m in Sources */ = {isa = PBXBuildFile; fileRef = 2BC9C4741A956EAF0044D886 /* JSQMessagesCollectionViewLayoutAttributes.m */; };
		2BC9C4B41A956EB00044D886 /* JSQMessage.m in Sources */ = {isa = PBXBuildFile; fileRef = 2BC9C4771A956EAF0044D886 /* JSQMessage.m */; };
		2BC9C4B51A956EB00044D886 /* JSQMessagesCollectionView.m in Sources */ = {isa = PBXBuildFile; fileRef = 2BC9C47B1A956EAF0044D886 /* JSQMessagesCollectionView.m */; };
		2BC9C4B61A956EB00044D886 /* JSQMessagesCollectionViewCell.m in Sources */ = {isa = PBXBuildFile; fileRef = 2BC9C47D1A956EAF0044D886 /* JSQMessagesCollectionViewCell.m */; };
		2BC9C4B71A956EB00044D886 /* JSQMessagesCollectionViewCellIncoming.m in Sources */ = {isa = PBXBuildFile; fileRef = 2BC9C47F1A956EAF0044D886 /* JSQMessagesCollectionViewCellIncoming.m */; };
		2BC9C4B81A956EB00044D886 /* JSQMessagesCollectionViewCellIncoming.xib in Resources */ = {isa = PBXBuildFile; fileRef = 2BC9C4801A956EAF0044D886 /* JSQMessagesCollectionViewCellIncoming.xib */; };
		2BC9C4B91A956EB00044D886 /* JSQMessagesCollectionViewCellOutgoing.m in Sources */ = {isa = PBXBuildFile; fileRef = 2BC9C4821A956EAF0044D886 /* JSQMessagesCollectionViewCellOutgoing.m */; };
		2BC9C4BA1A956EB00044D886 /* JSQMessagesCollectionViewCellOutgoing.xib in Resources */ = {isa = PBXBuildFile; fileRef = 2BC9C4831A956EAF0044D886 /* JSQMessagesCollectionViewCellOutgoing.xib */; };
		2BC9C4BB1A956EB00044D886 /* JSQMessagesComposerTextView.m in Sources */ = {isa = PBXBuildFile; fileRef = 2BC9C4851A956EAF0044D886 /* JSQMessagesComposerTextView.m */; };
		2BC9C4BC1A956EB00044D886 /* JSQMessagesInputToolbar.m in Sources */ = {isa = PBXBuildFile; fileRef = 2BC9C4871A956EAF0044D886 /* JSQMessagesInputToolbar.m */; };
		2BC9C4BD1A956EB00044D886 /* JSQMessagesLabel.m in Sources */ = {isa = PBXBuildFile; fileRef = 2BC9C4891A956EAF0044D886 /* JSQMessagesLabel.m */; };
		2BC9C4BE1A956EB00044D886 /* JSQMessagesLoadEarlierHeaderView.m in Sources */ = {isa = PBXBuildFile; fileRef = 2BC9C48B1A956EB00044D886 /* JSQMessagesLoadEarlierHeaderView.m */; };
		2BC9C4BF1A956EB00044D886 /* JSQMessagesLoadEarlierHeaderView.xib in Resources */ = {isa = PBXBuildFile; fileRef = 2BC9C48C1A956EB00044D886 /* JSQMessagesLoadEarlierHeaderView.xib */; };
		2BC9C4C01A956EB00044D886 /* JSQMessagesToolbarContentView.m in Sources */ = {isa = PBXBuildFile; fileRef = 2BC9C48E1A956EB00044D886 /* JSQMessagesToolbarContentView.m */; };
		2BC9C4C11A956EB00044D886 /* JSQMessagesToolbarContentView.xib in Resources */ = {isa = PBXBuildFile; fileRef = 2BC9C48F1A956EB00044D886 /* JSQMessagesToolbarContentView.xib */; };
		2BC9C4C21A956EB00044D886 /* JSQMessagesTypingIndicatorFooterView.m in Sources */ = {isa = PBXBuildFile; fileRef = 2BC9C4911A956EB00044D886 /* JSQMessagesTypingIndicatorFooterView.m */; };
		2BC9C4C31A956EB00044D886 /* JSQMessagesTypingIndicatorFooterView.xib in Resources */ = {isa = PBXBuildFile; fileRef = 2BC9C4921A956EB00044D886 /* JSQMessagesTypingIndicatorFooterView.xib */; };
		2BC9C4C81A956EBA0044D886 /* JSQSystemSoundPlayer.m in Sources */ = {isa = PBXBuildFile; fileRef = 2BC9C4C71A956EBA0044D886 /* JSQSystemSoundPlayer.m */; };
		2BC9C4CB1A9587DD0044D886 /* MessagesViewController.swift in Sources */ = {isa = PBXBuildFile; fileRef = 2BC9C4C91A9587DD0044D886 /* MessagesViewController.swift */; };
		2BC9C4CC1A9587DD0044D886 /* Message.swift in Sources */ = {isa = PBXBuildFile; fileRef = 2BC9C4CA1A9587DD0044D886 /* Message.swift */; };
		2BE604021A9ABEFB004685C0 /* GoogleSearch.swift in Sources */ = {isa = PBXBuildFile; fileRef = 2BE604011A9ABEFB004685C0 /* GoogleSearch.swift */; };
		2BE604041A9AC37B004685C0 /* GooglePlace.swift in Sources */ = {isa = PBXBuildFile; fileRef = 2BE604031A9AC37B004685C0 /* GooglePlace.swift */; };
		2BE604071A9B83DF004685C0 /* GooglePlaceDetail.swift in Sources */ = {isa = PBXBuildFile; fileRef = 2BE604061A9B83DF004685C0 /* GooglePlaceDetail.swift */; };
		2BE604101A9BC6DD004685C0 /* PhotoGalleryCollectionViewCell.swift in Sources */ = {isa = PBXBuildFile; fileRef = 2BE6040F1A9BC6DD004685C0 /* PhotoGalleryCollectionViewCell.swift */; };
		2BE604241A9FD3AB004685C0 /* ActionCodes.swift in Sources */ = {isa = PBXBuildFile; fileRef = 2BE604231A9FD3AB004685C0 /* ActionCodes.swift */; };
		2BE6042A1A9FD726004685C0 /* ReturnCodes.swift in Sources */ = {isa = PBXBuildFile; fileRef = 2BE604291A9FD726004685C0 /* ReturnCodes.swift */; };
		2BE791E71A79700E00DE0E57 /* AppDelegate.swift in Sources */ = {isa = PBXBuildFile; fileRef = 2BE791E61A79700E00DE0E57 /* AppDelegate.swift */; };
		2BE791EA1A79700E00DE0E57 /* All_Aboard.xcdatamodeld in Sources */ = {isa = PBXBuildFile; fileRef = 2BE791E81A79700E00DE0E57 /* All_Aboard.xcdatamodeld */; };
		2BE791EC1A79700E00DE0E57 /* LoginViewController.swift in Sources */ = {isa = PBXBuildFile; fileRef = 2BE791EB1A79700E00DE0E57 /* LoginViewController.swift */; };
		2BE791EF1A79700E00DE0E57 /* Main.storyboard in Resources */ = {isa = PBXBuildFile; fileRef = 2BE791ED1A79700E00DE0E57 /* Main.storyboard */; };
		2BE791F11A79700E00DE0E57 /* Images.xcassets in Resources */ = {isa = PBXBuildFile; fileRef = 2BE791F01A79700E00DE0E57 /* Images.xcassets */; };
		2BE791F41A79700E00DE0E57 /* LaunchScreen.xib in Resources */ = {isa = PBXBuildFile; fileRef = 2BE791F21A79700E00DE0E57 /* LaunchScreen.xib */; };
		2BE792001A79700E00DE0E57 /* All_AboardTests.swift in Sources */ = {isa = PBXBuildFile; fileRef = 2BE791FF1A79700E00DE0E57 /* All_AboardTests.swift */; };
		2BE792141A79822500DE0E57 /* SWRevealViewController.m in Sources */ = {isa = PBXBuildFile; fileRef = 2BE792131A79822500DE0E57 /* SWRevealViewController.m */; };
		2BE792191A79832800DE0E57 /* RearViewController.swift in Sources */ = {isa = PBXBuildFile; fileRef = 2BE792181A79832800DE0E57 /* RearViewController.swift */; };
		2BE7921B1A7985D100DE0E57 /* NewsFeedController.swift in Sources */ = {isa = PBXBuildFile; fileRef = 2BE7921A1A7985D100DE0E57 /* NewsFeedController.swift */; };
		2BEC045A1A79A890003E77DD /* NewsFeedTableViewCell.swift in Sources */ = {isa = PBXBuildFile; fileRef = 2BEC04591A79A890003E77DD /* NewsFeedTableViewCell.swift */; };
		2BEC04901A7AEAB2003E77DD /* FacebookSDK.framework in Frameworks */ = {isa = PBXBuildFile; fileRef = 2BEC048F1A7AEAB2003E77DD /* FacebookSDK.framework */; };
		2BEE981B1A969F17008FA1CC /* CryptoSwift.framework in Frameworks */ = {isa = PBXBuildFile; fileRef = 2BC9C42F1A956C050044D886 /* CryptoSwift.framework */; };
		2BEE981C1A969F17008FA1CC /* CryptoSwift.framework in CopyFiles */ = {isa = PBXBuildFile; fileRef = 2BC9C42F1A956C050044D886 /* CryptoSwift.framework */; settings = {ATTRIBUTES = (CodeSignOnCopy, RemoveHeadersOnCopy, ); }; };
		2BF988D21A895ED300F9E327 /* Security.framework in Frameworks */ = {isa = PBXBuildFile; fileRef = 2BF988D11A895ED300F9E327 /* Security.framework */; };
		2BF988DB1A8960B900F9E327 /* APIkeys.swift in Sources */ = {isa = PBXBuildFile; fileRef = 2BF988DA1A8960B900F9E327 /* APIkeys.swift */; };
		2BF988E41A8973EF00F9E327 /* ProfileViewController.swift in Sources */ = {isa = PBXBuildFile; fileRef = 2BF988E31A8973EF00F9E327 /* ProfileViewController.swift */; };
		2BF988F61A89786C00F9E327 /* Alamofire.framework in Frameworks */ = {isa = PBXBuildFile; fileRef = 2BF988F31A89785F00F9E327 /* Alamofire.framework */; };
		2BF988F71A89786C00F9E327 /* Alamofire.framework in CopyFiles */ = {isa = PBXBuildFile; fileRef = 2BF988F31A89785F00F9E327 /* Alamofire.framework */; settings = {ATTRIBUTES = (CodeSignOnCopy, RemoveHeadersOnCopy, ); }; };
		3C562EA81A9BBCB200CCD97B /* ViewFriendsViewController.swift in Sources */ = {isa = PBXBuildFile; fileRef = 3C562EA71A9BBCB200CCD97B /* ViewFriendsViewController.swift */; };
		3C562EAE1A9BCE6700CCD97B /* SearchFriendsViewController.swift in Sources */ = {isa = PBXBuildFile; fileRef = 3C562EAD1A9BCE6700CCD97B /* SearchFriendsViewController.swift */; };
		3C562EB01A9BD4C600CCD97B /* User.swift in Sources */ = {isa = PBXBuildFile; fileRef = 3C562EAF1A9BD4C600CCD97B /* User.swift */; };
		3C6FA85F1A9FE17100BCD602 /* Event.swift in Sources */ = {isa = PBXBuildFile; fileRef = 3C6FA85E1A9FE17100BCD602 /* Event.swift */; };
		3C97C1191A7C5354006243A9 /* CreateEventViewController.swift in Sources */ = {isa = PBXBuildFile; fileRef = 3C97C1181A7C5354006243A9 /* CreateEventViewController.swift */; };
/* End PBXBuildFile section */

/* Begin PBXContainerItemProxy section */
		2BC9C42E1A956C050044D886 /* PBXContainerItemProxy */ = {
			isa = PBXContainerItemProxy;
			containerPortal = 2BC9C4271A956C050044D886 /* CryptoSwift.xcodeproj */;
			proxyType = 2;
			remoteGlobalIDString = 754BE45519693E190098E6F3;
			remoteInfo = CryptoSwift;
		};
		2BC9C4301A956C050044D886 /* PBXContainerItemProxy */ = {
			isa = PBXContainerItemProxy;
			containerPortal = 2BC9C4271A956C050044D886 /* CryptoSwift.xcodeproj */;
			proxyType = 2;
			remoteGlobalIDString = 754BE46019693E190098E6F3;
			remoteInfo = CryptoSwiftTests;
		};
		2BE791FA1A79700E00DE0E57 /* PBXContainerItemProxy */ = {
			isa = PBXContainerItemProxy;
			containerPortal = 2BE791D91A79700E00DE0E57 /* Project object */;
			proxyType = 1;
			remoteGlobalIDString = 2BE791E01A79700E00DE0E57;
			remoteInfo = "All Aboard";
		};
		2BEE981D1A969F17008FA1CC /* PBXContainerItemProxy */ = {
			isa = PBXContainerItemProxy;
			containerPortal = 2BC9C4271A956C050044D886 /* CryptoSwift.xcodeproj */;
			proxyType = 1;
			remoteGlobalIDString = 754BE45419693E190098E6F3;
			remoteInfo = CryptoSwift;
		};
		2BF988F21A89785F00F9E327 /* PBXContainerItemProxy */ = {
			isa = PBXContainerItemProxy;
			containerPortal = 2BF988ED1A89785F00F9E327 /* Alamofire.xcodeproj */;
			proxyType = 2;
			remoteGlobalIDString = F8111E3319A95C8B0040E7D1;
			remoteInfo = Alamofire;
		};
		2BF988F41A89785F00F9E327 /* PBXContainerItemProxy */ = {
			isa = PBXContainerItemProxy;
			containerPortal = 2BF988ED1A89785F00F9E327 /* Alamofire.xcodeproj */;
			proxyType = 2;
			remoteGlobalIDString = F8111E3E19A95C8B0040E7D1;
			remoteInfo = AlamofireTests;
		};
		2BF988F81A89786C00F9E327 /* PBXContainerItemProxy */ = {
			isa = PBXContainerItemProxy;
			containerPortal = 2BF988ED1A89785F00F9E327 /* Alamofire.xcodeproj */;
			proxyType = 1;
			remoteGlobalIDString = F8111E3219A95C8B0040E7D1;
			remoteInfo = Alamofire;
		};
		3C3D37E21A9515410012D989 /* PBXContainerItemProxy */ = {
			isa = PBXContainerItemProxy;
			containerPortal = 3C3D37DD1A9515410012D989 /* CryptoSwift.xcodeproj */;
			proxyType = 2;
			remoteGlobalIDString = 754BE45519693E190098E6F3;
			remoteInfo = CryptoSwift;
		};
		3C3D37E41A9515410012D989 /* PBXContainerItemProxy */ = {
			isa = PBXContainerItemProxy;
			containerPortal = 3C3D37DD1A9515410012D989 /* CryptoSwift.xcodeproj */;
			proxyType = 2;
			remoteGlobalIDString = 754BE46019693E190098E6F3;
			remoteInfo = CryptoSwiftTests;
		};
/* End PBXContainerItemProxy section */

/* Begin PBXCopyFilesBuildPhase section */
		2BEC04A91A7AEFD9003E77DD /* CopyFiles */ = {
			isa = PBXCopyFilesBuildPhase;
			buildActionMask = 2147483647;
			dstPath = "";
			dstSubfolderSpec = 10;
			files = (
				2BF988F71A89786C00F9E327 /* Alamofire.framework in CopyFiles */,
				2BEE981C1A969F17008FA1CC /* CryptoSwift.framework in CopyFiles */,
			);
			runOnlyForDeploymentPostprocessing = 0;
		};
/* End PBXCopyFilesBuildPhase section */

/* Begin PBXFileReference section */
		2B04BCFA1A7C541400494335 /* SwiftyJSON.swift */ = {isa = PBXFileReference; fileEncoding = 4; lastKnownFileType = sourcecode.swift; path = SwiftyJSON.swift; sourceTree = "<group>"; };
		2B04BCFF1A80042000494335 /* RNCryptor+Private.h */ = {isa = PBXFileReference; fileEncoding = 4; lastKnownFileType = sourcecode.c.h; path = "RNCryptor+Private.h"; sourceTree = "<group>"; };
		2B04BD001A80042000494335 /* RNCryptor-Prefix.pch */ = {isa = PBXFileReference; fileEncoding = 4; lastKnownFileType = sourcecode.c.h; path = "RNCryptor-Prefix.pch"; sourceTree = "<group>"; };
		2B04BD011A80042000494335 /* RNCryptor.h */ = {isa = PBXFileReference; fileEncoding = 4; lastKnownFileType = sourcecode.c.h; path = RNCryptor.h; sourceTree = "<group>"; };
		2B04BD021A80042000494335 /* RNCryptor.m */ = {isa = PBXFileReference; fileEncoding = 4; lastKnownFileType = sourcecode.c.objc; path = RNCryptor.m; sourceTree = "<group>"; };
		2B04BD031A80042000494335 /* RNCryptorEngine.h */ = {isa = PBXFileReference; fileEncoding = 4; lastKnownFileType = sourcecode.c.h; path = RNCryptorEngine.h; sourceTree = "<group>"; };
		2B04BD041A80042000494335 /* RNCryptorEngine.m */ = {isa = PBXFileReference; fileEncoding = 4; lastKnownFileType = sourcecode.c.objc; path = RNCryptorEngine.m; sourceTree = "<group>"; };
		2B04BD051A80042000494335 /* RNDecryptor.h */ = {isa = PBXFileReference; fileEncoding = 4; lastKnownFileType = sourcecode.c.h; path = RNDecryptor.h; sourceTree = "<group>"; };
		2B04BD061A80042000494335 /* RNDecryptor.m */ = {isa = PBXFileReference; fileEncoding = 4; lastKnownFileType = sourcecode.c.objc; path = RNDecryptor.m; sourceTree = "<group>"; };
		2B04BD071A80042000494335 /* RNEncryptor.h */ = {isa = PBXFileReference; fileEncoding = 4; lastKnownFileType = sourcecode.c.h; path = RNEncryptor.h; sourceTree = "<group>"; };
		2B04BD081A80042000494335 /* RNEncryptor.m */ = {isa = PBXFileReference; fileEncoding = 4; lastKnownFileType = sourcecode.c.objc; path = RNEncryptor.m; sourceTree = "<group>"; };
		2B04BD0F1A801FC700494335 /* NewUserController.swift */ = {isa = PBXFileReference; fileEncoding = 4; lastKnownFileType = sourcecode.swift; path = NewUserController.swift; sourceTree = "<group>"; };
		2B04BD111A80228300494335 /* BackendConstants.swift */ = {isa = PBXFileReference; fileEncoding = 4; lastKnownFileType = sourcecode.swift; path = BackendConstants.swift; sourceTree = "<group>"; };
		2B148B5E1A8C4E6F000E385F /* BluemixCommunication.swift */ = {isa = PBXFileReference; fileEncoding = 4; lastKnownFileType = sourcecode.swift; path = BluemixCommunication.swift; sourceTree = "<group>"; };
		2B3A3D8C1A8C43CB000AC892 /* GoogleMaps.framework */ = {isa = PBXFileReference; lastKnownFileType = wrapper.framework; name = GoogleMaps.framework; path = ../GoogleMaps.framework; sourceTree = "<group>"; };
		2B3A3D8E1A8C43DC000AC892 /* GoogleMaps.bundle */ = {isa = PBXFileReference; lastKnownFileType = "wrapper.plug-in"; name = GoogleMaps.bundle; path = ../GoogleMaps.framework/Versions/A/Resources/GoogleMaps.bundle; sourceTree = "<group>"; };
		2B79B90D1A88231B00544E78 /* ViewEventController.swift */ = {isa = PBXFileReference; fileEncoding = 4; lastKnownFileType = sourcecode.swift; path = ViewEventController.swift; sourceTree = "<group>"; };
		2B79B9181A883BB900544E78 /* AVFoundation.framework */ = {isa = PBXFileReference; lastKnownFileType = wrapper.framework; name = AVFoundation.framework; path = System/Library/Frameworks/AVFoundation.framework; sourceTree = SDKROOT; };
		2B79B91A1A883BC100544E78 /* CoreData.framework */ = {isa = PBXFileReference; lastKnownFileType = wrapper.framework; name = CoreData.framework; path = System/Library/Frameworks/CoreData.framework; sourceTree = SDKROOT; };
		2B79B91C1A883BC800544E78 /* CoreLocation.framework */ = {isa = PBXFileReference; lastKnownFileType = wrapper.framework; name = CoreLocation.framework; path = System/Library/Frameworks/CoreLocation.framework; sourceTree = SDKROOT; };
		2B79B91E1A883BD000544E78 /* CoreText.framework */ = {isa = PBXFileReference; lastKnownFileType = wrapper.framework; name = CoreText.framework; path = System/Library/Frameworks/CoreText.framework; sourceTree = SDKROOT; };
		2B79B9201A883BDA00544E78 /* GLKit.framework */ = {isa = PBXFileReference; lastKnownFileType = wrapper.framework; name = GLKit.framework; path = System/Library/Frameworks/GLKit.framework; sourceTree = SDKROOT; };
		2B79B9221A883BE100544E78 /* ImageIO.framework */ = {isa = PBXFileReference; lastKnownFileType = wrapper.framework; name = ImageIO.framework; path = System/Library/Frameworks/ImageIO.framework; sourceTree = SDKROOT; };
		2B79B9241A883BF700544E78 /* libc++.dylib */ = {isa = PBXFileReference; lastKnownFileType = "compiled.mach-o.dylib"; name = "libc++.dylib"; path = "usr/lib/libc++.dylib"; sourceTree = SDKROOT; };
		2B79B9261A883BFF00544E78 /* libicucore.dylib */ = {isa = PBXFileReference; lastKnownFileType = "compiled.mach-o.dylib"; name = libicucore.dylib; path = usr/lib/libicucore.dylib; sourceTree = SDKROOT; };
		2B79B9281A883C0500544E78 /* libz.dylib */ = {isa = PBXFileReference; lastKnownFileType = "compiled.mach-o.dylib"; name = libz.dylib; path = usr/lib/libz.dylib; sourceTree = SDKROOT; };
		2B79B92A1A883C1000544E78 /* OpenGLES.framework */ = {isa = PBXFileReference; lastKnownFileType = wrapper.framework; name = OpenGLES.framework; path = System/Library/Frameworks/OpenGLES.framework; sourceTree = SDKROOT; };
		2B79B92C1A883C2700544E78 /* QuartzCore.framework */ = {isa = PBXFileReference; lastKnownFileType = wrapper.framework; name = QuartzCore.framework; path = System/Library/Frameworks/QuartzCore.framework; sourceTree = SDKROOT; };
		2B79B92E1A883C3400544E78 /* SystemConfiguration.framework */ = {isa = PBXFileReference; lastKnownFileType = wrapper.framework; name = SystemConfiguration.framework; path = System/Library/Frameworks/SystemConfiguration.framework; sourceTree = SDKROOT; };
		2BBE282C1A84282000594E24 /* NewsFeedCell.xib */ = {isa = PBXFileReference; fileEncoding = 4; lastKnownFileType = file.xib; path = NewsFeedCell.xib; sourceTree = "<group>"; };
		2BC1C5F01A97FD6E000F14DA /* SwiftAddressBookWrapper.swift */ = {isa = PBXFileReference; fileEncoding = 4; lastKnownFileType = sourcecode.swift; path = SwiftAddressBookWrapper.swift; sourceTree = "<group>"; };
		2BC1C5F61A9A6733000F14DA /* AddFriendsViewController.swift */ = {isa = PBXFileReference; fileEncoding = 4; lastKnownFileType = sourcecode.swift; name = AddFriendsViewController.swift; path = "All Aboard/AddFriendsViewController.swift"; sourceTree = "<group>"; };
		2BC1C5F81A9A6ABF000F14DA /* ContactTableViewCell.swift */ = {isa = PBXFileReference; fileEncoding = 4; lastKnownFileType = sourcecode.swift; name = ContactTableViewCell.swift; path = "All Aboard/ContactTableViewCell.swift"; sourceTree = "<group>"; };
		2BC7D80E1A87FCD600F21401 /* UserPreferences.swift */ = {isa = PBXFileReference; fileEncoding = 4; lastKnownFileType = sourcecode.swift; path = UserPreferences.swift; sourceTree = "<group>"; };
		2BC9C4271A956C050044D886 /* CryptoSwift.xcodeproj */ = {isa = PBXFileReference; lastKnownFileType = "wrapper.pb-project"; name = CryptoSwift.xcodeproj; path = ../Libraries/CryptoSwift/CryptoSwift.xcodeproj; sourceTree = "<group>"; };
		2BC9C4321A956CCB0044D886 /* Social.framework */ = {isa = PBXFileReference; lastKnownFileType = wrapper.framework; name = Social.framework; path = System/Library/Frameworks/Social.framework; sourceTree = SDKROOT; };
		2BC9C4341A956D4F0044D886 /* AudioToolbox.framework */ = {isa = PBXFileReference; lastKnownFileType = wrapper.framework; name = AudioToolbox.framework; path = System/Library/Frameworks/AudioToolbox.framework; sourceTree = SDKROOT; };
		2BC9C4361A956D6E0044D886 /* CFNetwork.framework */ = {isa = PBXFileReference; lastKnownFileType = wrapper.framework; name = CFNetwork.framework; path = System/Library/Frameworks/CFNetwork.framework; sourceTree = SDKROOT; };
		2BC9C4381A956D8A0044D886 /* Firebase.framework */ = {isa = PBXFileReference; lastKnownFileType = wrapper.framework; name = Firebase.framework; path = ../Firebase.framework; sourceTree = "<group>"; };
		2BC9C43B1A956DF90044D886 /* Firebase.framework */ = {isa = PBXFileReference; lastKnownFileType = wrapper.framework; path = Firebase.framework; sourceTree = "<group>"; };
		2BC9C4401A956EAF0044D886 /* bubble.png */ = {isa = PBXFileReference; lastKnownFileType = image.png; path = bubble.png; sourceTree = "<group>"; };
		2BC9C4411A956EAF0044D886 /* bubble@2x.png */ = {isa = PBXFileReference; lastKnownFileType = image.png; path = "bubble@2x.png"; sourceTree = "<group>"; };
		2BC9C4421A956EAF0044D886 /* bubble_min.png */ = {isa = PBXFileReference; lastKnownFileType = image.png; path = bubble_min.png; sourceTree = "<group>"; };
		2BC9C4431A956EAF0044D886 /* bubble_min@2x.png */ = {isa = PBXFileReference; lastKnownFileType = image.png; path = "bubble_min@2x.png"; sourceTree = "<group>"; };
		2BC9C4441A956EAF0044D886 /* bubble_min_tailless.png */ = {isa = PBXFileReference; lastKnownFileType = image.png; path = bubble_min_tailless.png; sourceTree = "<group>"; };
		2BC9C4451A956EAF0044D886 /* bubble_min_tailless@2x.png */ = {isa = PBXFileReference; lastKnownFileType = image.png; path = "bubble_min_tailless@2x.png"; sourceTree = "<group>"; };
		2BC9C4461A956EAF0044D886 /* bubble_stroked.png */ = {isa = PBXFileReference; lastKnownFileType = image.png; path = bubble_stroked.png; sourceTree = "<group>"; };
		2BC9C4471A956EAF0044D886 /* bubble_stroked@2x.png */ = {isa = PBXFileReference; lastKnownFileType = image.png; path = "bubble_stroked@2x.png"; sourceTree = "<group>"; };
		2BC9C4481A956EAF0044D886 /* bubble_stroked_tailless.png */ = {isa = PBXFileReference; lastKnownFileType = image.png; path = bubble_stroked_tailless.png; sourceTree = "<group>"; };
		2BC9C4491A956EAF0044D886 /* bubble_stroked_tailless@2x.png */ = {isa = PBXFileReference; lastKnownFileType = image.png; path = "bubble_stroked_tailless@2x.png"; sourceTree = "<group>"; };
		2BC9C44A1A956EAF0044D886 /* bubble_tailless.png */ = {isa = PBXFileReference; lastKnownFileType = image.png; path = bubble_tailless.png; sourceTree = "<group>"; };
		2BC9C44B1A956EAF0044D886 /* bubble_tailless@2x.png */ = {isa = PBXFileReference; lastKnownFileType = image.png; path = "bubble_tailless@2x.png"; sourceTree = "<group>"; };
		2BC9C44C1A956EAF0044D886 /* camera.png */ = {isa = PBXFileReference; lastKnownFileType = image.png; path = camera.png; sourceTree = "<group>"; };
		2BC9C44D1A956EAF0044D886 /* camera@2x.png */ = {isa = PBXFileReference; lastKnownFileType = image.png; path = "camera@2x.png"; sourceTree = "<group>"; };
		2BC9C44E1A956EAF0044D886 /* typing.png */ = {isa = PBXFileReference; lastKnownFileType = image.png; path = typing.png; sourceTree = "<group>"; };
		2BC9C44F1A956EAF0044D886 /* typing@2x.png */ = {isa = PBXFileReference; lastKnownFileType = image.png; path = "typing@2x.png"; sourceTree = "<group>"; };
		2BC9C4511A956EAF0044D886 /* message_received.aiff */ = {isa = PBXFileReference; lastKnownFileType = audio.aiff; path = message_received.aiff; sourceTree = "<group>"; };
		2BC9C4521A956EAF0044D886 /* message_sent.aiff */ = {isa = PBXFileReference; lastKnownFileType = audio.aiff; path = message_sent.aiff; sourceTree = "<group>"; };
		2BC9C4541A956EAF0044D886 /* JSQSystemSoundPlayer+JSQMessages.h */ = {isa = PBXFileReference; fileEncoding = 4; lastKnownFileType = sourcecode.c.h; path = "JSQSystemSoundPlayer+JSQMessages.h"; sourceTree = "<group>"; };
		2BC9C4551A956EAF0044D886 /* JSQSystemSoundPlayer+JSQMessages.m */ = {isa = PBXFileReference; fileEncoding = 4; lastKnownFileType = sourcecode.c.objc; path = "JSQSystemSoundPlayer+JSQMessages.m"; sourceTree = "<group>"; };
		2BC9C4561A956EAF0044D886 /* NSString+JSQMessages.h */ = {isa = PBXFileReference; fileEncoding = 4; lastKnownFileType = sourcecode.c.h; path = "NSString+JSQMessages.h"; sourceTree = "<group>"; };
		2BC9C4571A956EAF0044D886 /* NSString+JSQMessages.m */ = {isa = PBXFileReference; fileEncoding = 4; lastKnownFileType = sourcecode.c.objc; path = "NSString+JSQMessages.m"; sourceTree = "<group>"; };
		2BC9C4581A956EAF0044D886 /* UIColor+JSQMessages.h */ = {isa = PBXFileReference; fileEncoding = 4; lastKnownFileType = sourcecode.c.h; path = "UIColor+JSQMessages.h"; sourceTree = "<group>"; };
		2BC9C4591A956EAF0044D886 /* UIColor+JSQMessages.m */ = {isa = PBXFileReference; fileEncoding = 4; lastKnownFileType = sourcecode.c.objc; path = "UIColor+JSQMessages.m"; sourceTree = "<group>"; };
		2BC9C45A1A956EAF0044D886 /* UIImage+JSQMessages.h */ = {isa = PBXFileReference; fileEncoding = 4; lastKnownFileType = sourcecode.c.h; path = "UIImage+JSQMessages.h"; sourceTree = "<group>"; };
		2BC9C45B1A956EAF0044D886 /* UIImage+JSQMessages.m */ = {isa = PBXFileReference; fileEncoding = 4; lastKnownFileType = sourcecode.c.objc; path = "UIImage+JSQMessages.m"; sourceTree = "<group>"; };
		2BC9C45C1A956EAF0044D886 /* UIView+JSQMessages.h */ = {isa = PBXFileReference; fileEncoding = 4; lastKnownFileType = sourcecode.c.h; path = "UIView+JSQMessages.h"; sourceTree = "<group>"; };
		2BC9C45D1A956EAF0044D886 /* UIView+JSQMessages.m */ = {isa = PBXFileReference; fileEncoding = 4; lastKnownFileType = sourcecode.c.objc; path = "UIView+JSQMessages.m"; sourceTree = "<group>"; };
		2BC9C45F1A956EAF0044D886 /* JSQMessagesKeyboardController.h */ = {isa = PBXFileReference; fileEncoding = 4; lastKnownFileType = sourcecode.c.h; path = JSQMessagesKeyboardController.h; sourceTree = "<group>"; };
		2BC9C4601A956EAF0044D886 /* JSQMessagesKeyboardController.m */ = {isa = PBXFileReference; fileEncoding = 4; lastKnownFileType = sourcecode.c.objc; path = JSQMessagesKeyboardController.m; sourceTree = "<group>"; };
		2BC9C4611A956EAF0044D886 /* JSQMessagesViewController.h */ = {isa = PBXFileReference; fileEncoding = 4; lastKnownFileType = sourcecode.c.h; path = JSQMessagesViewController.h; sourceTree = "<group>"; };
		2BC9C4621A956EAF0044D886 /* JSQMessagesViewController.m */ = {isa = PBXFileReference; fileEncoding = 4; lastKnownFileType = sourcecode.c.objc; path = JSQMessagesViewController.m; sourceTree = "<group>"; };
		2BC9C4631A956EAF0044D886 /* JSQMessagesViewController.xib */ = {isa = PBXFileReference; fileEncoding = 4; lastKnownFileType = file.xib; path = JSQMessagesViewController.xib; sourceTree = "<group>"; };
		2BC9C4651A956EAF0044D886 /* JSQMessagesAvatarFactory.h */ = {isa = PBXFileReference; fileEncoding = 4; lastKnownFileType = sourcecode.c.h; path = JSQMessagesAvatarFactory.h; sourceTree = "<group>"; };
		2BC9C4661A956EAF0044D886 /* JSQMessagesAvatarFactory.m */ = {isa = PBXFileReference; fileEncoding = 4; lastKnownFileType = sourcecode.c.objc; path = JSQMessagesAvatarFactory.m; sourceTree = "<group>"; };
		2BC9C4671A956EAF0044D886 /* JSQMessagesBubbleImageFactory.h */ = {isa = PBXFileReference; fileEncoding = 4; lastKnownFileType = sourcecode.c.h; path = JSQMessagesBubbleImageFactory.h; sourceTree = "<group>"; };
		2BC9C4681A956EAF0044D886 /* JSQMessagesBubbleImageFactory.m */ = {isa = PBXFileReference; fileEncoding = 4; lastKnownFileType = sourcecode.c.objc; path = JSQMessagesBubbleImageFactory.m; sourceTree = "<group>"; };
		2BC9C4691A956EAF0044D886 /* JSQMessagesTimestampFormatter.h */ = {isa = PBXFileReference; fileEncoding = 4; lastKnownFileType = sourcecode.c.h; path = JSQMessagesTimestampFormatter.h; sourceTree = "<group>"; };
		2BC9C46A1A956EAF0044D886 /* JSQMessagesTimestampFormatter.m */ = {isa = PBXFileReference; fileEncoding = 4; lastKnownFileType = sourcecode.c.objc; path = JSQMessagesTimestampFormatter.m; sourceTree = "<group>"; };
		2BC9C46B1A956EAF0044D886 /* JSQMessagesToolbarButtonFactory.h */ = {isa = PBXFileReference; fileEncoding = 4; lastKnownFileType = sourcecode.c.h; path = JSQMessagesToolbarButtonFactory.h; sourceTree = "<group>"; };
		2BC9C46C1A956EAF0044D886 /* JSQMessagesToolbarButtonFactory.m */ = {isa = PBXFileReference; fileEncoding = 4; lastKnownFileType = sourcecode.c.objc; path = JSQMessagesToolbarButtonFactory.m; sourceTree = "<group>"; };
		2BC9C46D1A956EAF0044D886 /* JSQMessages.h */ = {isa = PBXFileReference; fileEncoding = 4; lastKnownFileType = sourcecode.c.h; path = JSQMessages.h; sourceTree = "<group>"; };
		2BC9C46F1A956EAF0044D886 /* JSQMessagesCollectionViewFlowLayout.h */ = {isa = PBXFileReference; fileEncoding = 4; lastKnownFileType = sourcecode.c.h; path = JSQMessagesCollectionViewFlowLayout.h; sourceTree = "<group>"; };
		2BC9C4701A956EAF0044D886 /* JSQMessagesCollectionViewFlowLayout.m */ = {isa = PBXFileReference; fileEncoding = 4; lastKnownFileType = sourcecode.c.objc; path = JSQMessagesCollectionViewFlowLayout.m; sourceTree = "<group>"; };
		2BC9C4711A956EAF0044D886 /* JSQMessagesCollectionViewFlowLayoutInvalidationContext.h */ = {isa = PBXFileReference; fileEncoding = 4; lastKnownFileType = sourcecode.c.h; path = JSQMessagesCollectionViewFlowLayoutInvalidationContext.h; sourceTree = "<group>"; };
		2BC9C4721A956EAF0044D886 /* JSQMessagesCollectionViewFlowLayoutInvalidationContext.m */ = {isa = PBXFileReference; fileEncoding = 4; lastKnownFileType = sourcecode.c.objc; path = JSQMessagesCollectionViewFlowLayoutInvalidationContext.m; sourceTree = "<group>"; };
		2BC9C4731A956EAF0044D886 /* JSQMessagesCollectionViewLayoutAttributes.h */ = {isa = PBXFileReference; fileEncoding = 4; lastKnownFileType = sourcecode.c.h; path = JSQMessagesCollectionViewLayoutAttributes.h; sourceTree = "<group>"; };
		2BC9C4741A956EAF0044D886 /* JSQMessagesCollectionViewLayoutAttributes.m */ = {isa = PBXFileReference; fileEncoding = 4; lastKnownFileType = sourcecode.c.objc; path = JSQMessagesCollectionViewLayoutAttributes.m; sourceTree = "<group>"; };
		2BC9C4761A956EAF0044D886 /* JSQMessage.h */ = {isa = PBXFileReference; fileEncoding = 4; lastKnownFileType = sourcecode.c.h; path = JSQMessage.h; sourceTree = "<group>"; };
		2BC9C4771A956EAF0044D886 /* JSQMessage.m */ = {isa = PBXFileReference; fileEncoding = 4; lastKnownFileType = sourcecode.c.objc; path = JSQMessage.m; sourceTree = "<group>"; };
		2BC9C4781A956EAF0044D886 /* JSQMessageData.h */ = {isa = PBXFileReference; fileEncoding = 4; lastKnownFileType = sourcecode.c.h; path = JSQMessageData.h; sourceTree = "<group>"; };
		2BC9C47A1A956EAF0044D886 /* JSQMessagesCollectionView.h */ = {isa = PBXFileReference; fileEncoding = 4; lastKnownFileType = sourcecode.c.h; path = JSQMessagesCollectionView.h; sourceTree = "<group>"; };
		2BC9C47B1A956EAF0044D886 /* JSQMessagesCollectionView.m */ = {isa = PBXFileReference; fileEncoding = 4; lastKnownFileType = sourcecode.c.objc; path = JSQMessagesCollectionView.m; sourceTree = "<group>"; };
		2BC9C47C1A956EAF0044D886 /* JSQMessagesCollectionViewCell.h */ = {isa = PBXFileReference; fileEncoding = 4; lastKnownFileType = sourcecode.c.h; path = JSQMessagesCollectionViewCell.h; sourceTree = "<group>"; };
		2BC9C47D1A956EAF0044D886 /* JSQMessagesCollectionViewCell.m */ = {isa = PBXFileReference; fileEncoding = 4; lastKnownFileType = sourcecode.c.objc; path = JSQMessagesCollectionViewCell.m; sourceTree = "<group>"; };
		2BC9C47E1A956EAF0044D886 /* JSQMessagesCollectionViewCellIncoming.h */ = {isa = PBXFileReference; fileEncoding = 4; lastKnownFileType = sourcecode.c.h; path = JSQMessagesCollectionViewCellIncoming.h; sourceTree = "<group>"; };
		2BC9C47F1A956EAF0044D886 /* JSQMessagesCollectionViewCellIncoming.m */ = {isa = PBXFileReference; fileEncoding = 4; lastKnownFileType = sourcecode.c.objc; path = JSQMessagesCollectionViewCellIncoming.m; sourceTree = "<group>"; };
		2BC9C4801A956EAF0044D886 /* JSQMessagesCollectionViewCellIncoming.xib */ = {isa = PBXFileReference; fileEncoding = 4; lastKnownFileType = file.xib; path = JSQMessagesCollectionViewCellIncoming.xib; sourceTree = "<group>"; };
		2BC9C4811A956EAF0044D886 /* JSQMessagesCollectionViewCellOutgoing.h */ = {isa = PBXFileReference; fileEncoding = 4; lastKnownFileType = sourcecode.c.h; path = JSQMessagesCollectionViewCellOutgoing.h; sourceTree = "<group>"; };
		2BC9C4821A956EAF0044D886 /* JSQMessagesCollectionViewCellOutgoing.m */ = {isa = PBXFileReference; fileEncoding = 4; lastKnownFileType = sourcecode.c.objc; path = JSQMessagesCollectionViewCellOutgoing.m; sourceTree = "<group>"; };
		2BC9C4831A956EAF0044D886 /* JSQMessagesCollectionViewCellOutgoing.xib */ = {isa = PBXFileReference; fileEncoding = 4; lastKnownFileType = file.xib; path = JSQMessagesCollectionViewCellOutgoing.xib; sourceTree = "<group>"; };
		2BC9C4841A956EAF0044D886 /* JSQMessagesComposerTextView.h */ = {isa = PBXFileReference; fileEncoding = 4; lastKnownFileType = sourcecode.c.h; path = JSQMessagesComposerTextView.h; sourceTree = "<group>"; };
		2BC9C4851A956EAF0044D886 /* JSQMessagesComposerTextView.m */ = {isa = PBXFileReference; fileEncoding = 4; lastKnownFileType = sourcecode.c.objc; path = JSQMessagesComposerTextView.m; sourceTree = "<group>"; };
		2BC9C4861A956EAF0044D886 /* JSQMessagesInputToolbar.h */ = {isa = PBXFileReference; fileEncoding = 4; lastKnownFileType = sourcecode.c.h; path = JSQMessagesInputToolbar.h; sourceTree = "<group>"; };
		2BC9C4871A956EAF0044D886 /* JSQMessagesInputToolbar.m */ = {isa = PBXFileReference; fileEncoding = 4; lastKnownFileType = sourcecode.c.objc; path = JSQMessagesInputToolbar.m; sourceTree = "<group>"; };
		2BC9C4881A956EAF0044D886 /* JSQMessagesLabel.h */ = {isa = PBXFileReference; fileEncoding = 4; lastKnownFileType = sourcecode.c.h; path = JSQMessagesLabel.h; sourceTree = "<group>"; };
		2BC9C4891A956EAF0044D886 /* JSQMessagesLabel.m */ = {isa = PBXFileReference; fileEncoding = 4; lastKnownFileType = sourcecode.c.objc; path = JSQMessagesLabel.m; sourceTree = "<group>"; };
		2BC9C48A1A956EAF0044D886 /* JSQMessagesLoadEarlierHeaderView.h */ = {isa = PBXFileReference; fileEncoding = 4; lastKnownFileType = sourcecode.c.h; path = JSQMessagesLoadEarlierHeaderView.h; sourceTree = "<group>"; };
		2BC9C48B1A956EB00044D886 /* JSQMessagesLoadEarlierHeaderView.m */ = {isa = PBXFileReference; fileEncoding = 4; lastKnownFileType = sourcecode.c.objc; path = JSQMessagesLoadEarlierHeaderView.m; sourceTree = "<group>"; };
		2BC9C48C1A956EB00044D886 /* JSQMessagesLoadEarlierHeaderView.xib */ = {isa = PBXFileReference; fileEncoding = 4; lastKnownFileType = file.xib; path = JSQMessagesLoadEarlierHeaderView.xib; sourceTree = "<group>"; };
		2BC9C48D1A956EB00044D886 /* JSQMessagesToolbarContentView.h */ = {isa = PBXFileReference; fileEncoding = 4; lastKnownFileType = sourcecode.c.h; path = JSQMessagesToolbarContentView.h; sourceTree = "<group>"; };
		2BC9C48E1A956EB00044D886 /* JSQMessagesToolbarContentView.m */ = {isa = PBXFileReference; fileEncoding = 4; lastKnownFileType = sourcecode.c.objc; path = JSQMessagesToolbarContentView.m; sourceTree = "<group>"; };
		2BC9C48F1A956EB00044D886 /* JSQMessagesToolbarContentView.xib */ = {isa = PBXFileReference; fileEncoding = 4; lastKnownFileType = file.xib; path = JSQMessagesToolbarContentView.xib; sourceTree = "<group>"; };
		2BC9C4901A956EB00044D886 /* JSQMessagesTypingIndicatorFooterView.h */ = {isa = PBXFileReference; fileEncoding = 4; lastKnownFileType = sourcecode.c.h; path = JSQMessagesTypingIndicatorFooterView.h; sourceTree = "<group>"; };
		2BC9C4911A956EB00044D886 /* JSQMessagesTypingIndicatorFooterView.m */ = {isa = PBXFileReference; fileEncoding = 4; lastKnownFileType = sourcecode.c.objc; path = JSQMessagesTypingIndicatorFooterView.m; sourceTree = "<group>"; };
		2BC9C4921A956EB00044D886 /* JSQMessagesTypingIndicatorFooterView.xib */ = {isa = PBXFileReference; fileEncoding = 4; lastKnownFileType = file.xib; path = JSQMessagesTypingIndicatorFooterView.xib; sourceTree = "<group>"; };
		2BC9C4C61A956EBA0044D886 /* JSQSystemSoundPlayer.h */ = {isa = PBXFileReference; fileEncoding = 4; lastKnownFileType = sourcecode.c.h; path = JSQSystemSoundPlayer.h; sourceTree = "<group>"; };
		2BC9C4C71A956EBA0044D886 /* JSQSystemSoundPlayer.m */ = {isa = PBXFileReference; fileEncoding = 4; lastKnownFileType = sourcecode.c.objc; path = JSQSystemSoundPlayer.m; sourceTree = "<group>"; };
		2BC9C4C91A9587DD0044D886 /* MessagesViewController.swift */ = {isa = PBXFileReference; fileEncoding = 4; lastKnownFileType = sourcecode.swift; path = MessagesViewController.swift; sourceTree = "<group>"; };
		2BC9C4CA1A9587DD0044D886 /* Message.swift */ = {isa = PBXFileReference; fileEncoding = 4; lastKnownFileType = sourcecode.swift; path = Message.swift; sourceTree = "<group>"; };
		2BE604011A9ABEFB004685C0 /* GoogleSearch.swift */ = {isa = PBXFileReference; fileEncoding = 4; lastKnownFileType = sourcecode.swift; path = GoogleSearch.swift; sourceTree = "<group>"; };
		2BE604031A9AC37B004685C0 /* GooglePlace.swift */ = {isa = PBXFileReference; fileEncoding = 4; lastKnownFileType = sourcecode.swift; path = GooglePlace.swift; sourceTree = "<group>"; };
		2BE604061A9B83DF004685C0 /* GooglePlaceDetail.swift */ = {isa = PBXFileReference; fileEncoding = 4; lastKnownFileType = sourcecode.swift; path = GooglePlaceDetail.swift; sourceTree = "<group>"; };
		2BE6040F1A9BC6DD004685C0 /* PhotoGalleryCollectionViewCell.swift */ = {isa = PBXFileReference; fileEncoding = 4; lastKnownFileType = sourcecode.swift; path = PhotoGalleryCollectionViewCell.swift; sourceTree = "<group>"; };
		2BE604231A9FD3AB004685C0 /* ActionCodes.swift */ = {isa = PBXFileReference; fileEncoding = 4; lastKnownFileType = sourcecode.swift; path = ActionCodes.swift; sourceTree = "<group>"; };
		2BE604291A9FD726004685C0 /* ReturnCodes.swift */ = {isa = PBXFileReference; fileEncoding = 4; lastKnownFileType = sourcecode.swift; path = ReturnCodes.swift; sourceTree = "<group>"; };
		2BE791E11A79700E00DE0E57 /* All Aboard.app */ = {isa = PBXFileReference; explicitFileType = wrapper.application; includeInIndex = 0; path = "All Aboard.app"; sourceTree = BUILT_PRODUCTS_DIR; };
		2BE791E51A79700E00DE0E57 /* Info.plist */ = {isa = PBXFileReference; lastKnownFileType = text.plist.xml; path = Info.plist; sourceTree = "<group>"; };
		2BE791E61A79700E00DE0E57 /* AppDelegate.swift */ = {isa = PBXFileReference; lastKnownFileType = sourcecode.swift; path = AppDelegate.swift; sourceTree = "<group>"; };
		2BE791E91A79700E00DE0E57 /* All_Aboard.xcdatamodel */ = {isa = PBXFileReference; lastKnownFileType = wrapper.xcdatamodel; path = All_Aboard.xcdatamodel; sourceTree = "<group>"; };
		2BE791EB1A79700E00DE0E57 /* LoginViewController.swift */ = {isa = PBXFileReference; lastKnownFileType = sourcecode.swift; path = LoginViewController.swift; sourceTree = "<group>"; };
		2BE791EE1A79700E00DE0E57 /* Base */ = {isa = PBXFileReference; lastKnownFileType = file.storyboard; name = Base; path = Base.lproj/Main.storyboard; sourceTree = "<group>"; };
		2BE791F01A79700E00DE0E57 /* Images.xcassets */ = {isa = PBXFileReference; lastKnownFileType = folder.assetcatalog; path = Images.xcassets; sourceTree = "<group>"; };
		2BE791F31A79700E00DE0E57 /* Base */ = {isa = PBXFileReference; lastKnownFileType = file.xib; name = Base; path = Base.lproj/LaunchScreen.xib; sourceTree = "<group>"; };
		2BE791F91A79700E00DE0E57 /* All AboardTests.xctest */ = {isa = PBXFileReference; explicitFileType = wrapper.cfbundle; includeInIndex = 0; path = "All AboardTests.xctest"; sourceTree = BUILT_PRODUCTS_DIR; };
		2BE791FE1A79700E00DE0E57 /* Info.plist */ = {isa = PBXFileReference; lastKnownFileType = text.plist.xml; path = Info.plist; sourceTree = "<group>"; };
		2BE791FF1A79700E00DE0E57 /* All_AboardTests.swift */ = {isa = PBXFileReference; lastKnownFileType = sourcecode.swift; path = All_AboardTests.swift; sourceTree = "<group>"; };
		2BE7920D1A79717000DE0E57 /* All-Aboard-Bridging-Header.h */ = {isa = PBXFileReference; lastKnownFileType = sourcecode.c.h; path = "All-Aboard-Bridging-Header.h"; sourceTree = "<group>"; };
		2BE792121A79822500DE0E57 /* SWRevealViewController.h */ = {isa = PBXFileReference; fileEncoding = 4; lastKnownFileType = sourcecode.c.h; path = SWRevealViewController.h; sourceTree = "<group>"; };
		2BE792131A79822500DE0E57 /* SWRevealViewController.m */ = {isa = PBXFileReference; fileEncoding = 4; lastKnownFileType = sourcecode.c.objc; path = SWRevealViewController.m; sourceTree = "<group>"; };
		2BE792181A79832800DE0E57 /* RearViewController.swift */ = {isa = PBXFileReference; fileEncoding = 4; lastKnownFileType = sourcecode.swift; path = RearViewController.swift; sourceTree = "<group>"; };
		2BE7921A1A7985D100DE0E57 /* NewsFeedController.swift */ = {isa = PBXFileReference; fileEncoding = 4; lastKnownFileType = sourcecode.swift; path = NewsFeedController.swift; sourceTree = "<group>"; };
		2BEC04591A79A890003E77DD /* NewsFeedTableViewCell.swift */ = {isa = PBXFileReference; fileEncoding = 4; lastKnownFileType = sourcecode.swift; path = NewsFeedTableViewCell.swift; sourceTree = "<group>"; };
		2BEC048F1A7AEAB2003E77DD /* FacebookSDK.framework */ = {isa = PBXFileReference; lastKnownFileType = wrapper.framework; path = FacebookSDK.framework; sourceTree = SOURCE_ROOT; };
		2BF988D11A895ED300F9E327 /* Security.framework */ = {isa = PBXFileReference; lastKnownFileType = wrapper.framework; name = Security.framework; path = System/Library/Frameworks/Security.framework; sourceTree = SDKROOT; };
		2BF988DA1A8960B900F9E327 /* APIkeys.swift */ = {isa = PBXFileReference; fileEncoding = 4; lastKnownFileType = sourcecode.swift; path = APIkeys.swift; sourceTree = "<group>"; };
		2BF988E31A8973EF00F9E327 /* ProfileViewController.swift */ = {isa = PBXFileReference; fileEncoding = 4; lastKnownFileType = sourcecode.swift; path = ProfileViewController.swift; sourceTree = "<group>"; };
		2BF988ED1A89785F00F9E327 /* Alamofire.xcodeproj */ = {isa = PBXFileReference; lastKnownFileType = "wrapper.pb-project"; name = Alamofire.xcodeproj; path = "../Libraries/Alamofire-master/Alamofire.xcodeproj"; sourceTree = "<group>"; };
		3C3D37DD1A9515410012D989 /* CryptoSwift.xcodeproj */ = {isa = PBXFileReference; lastKnownFileType = "wrapper.pb-project"; name = CryptoSwift.xcodeproj; path = "CryptoSwift-master/CryptoSwift.xcodeproj"; sourceTree = "<group>"; };
		3C562EA71A9BBCB200CCD97B /* ViewFriendsViewController.swift */ = {isa = PBXFileReference; fileEncoding = 4; lastKnownFileType = sourcecode.swift; path = ViewFriendsViewController.swift; sourceTree = "<group>"; };
		3C562EAD1A9BCE6700CCD97B /* SearchFriendsViewController.swift */ = {isa = PBXFileReference; fileEncoding = 4; lastKnownFileType = sourcecode.swift; path = SearchFriendsViewController.swift; sourceTree = "<group>"; };
		3C562EAF1A9BD4C600CCD97B /* User.swift */ = {isa = PBXFileReference; fileEncoding = 4; lastKnownFileType = sourcecode.swift; path = User.swift; sourceTree = "<group>"; };
		3C6FA85E1A9FE17100BCD602 /* Event.swift */ = {isa = PBXFileReference; fileEncoding = 4; lastKnownFileType = sourcecode.swift; path = Event.swift; sourceTree = "<group>"; };
		3C97C1181A7C5354006243A9 /* CreateEventViewController.swift */ = {isa = PBXFileReference; fileEncoding = 4; lastKnownFileType = sourcecode.swift; path = CreateEventViewController.swift; sourceTree = "<group>"; };
/* End PBXFileReference section */

/* Begin PBXFrameworksBuildPhase section */
		2BE791DE1A79700E00DE0E57 /* Frameworks */ = {
			isa = PBXFrameworksBuildPhase;
			buildActionMask = 2147483647;
			files = (
				2BC9C4391A956D8A0044D886 /* Firebase.framework in Frameworks */,
				2BC9C43A1A956DC40044D886 /* CryptoSwift.framework in Frameworks */,
				2BC9C4371A956D6E0044D886 /* CFNetwork.framework in Frameworks */,
				2BC9C4351A956D4F0044D886 /* AudioToolbox.framework in Frameworks */,
				2BC9C4331A956CCB0044D886 /* Social.framework in Frameworks */,
				2B148B4C1A8C4794000E385F /* GoogleMaps.framework in Frameworks */,
				2BF988D21A895ED300F9E327 /* Security.framework in Frameworks */,
				2BEE981B1A969F17008FA1CC /* CryptoSwift.framework in Frameworks */,
				2B79B92F1A883C3400544E78 /* SystemConfiguration.framework in Frameworks */,
				2B79B92D1A883C2700544E78 /* QuartzCore.framework in Frameworks */,
				2B79B92B1A883C1000544E78 /* OpenGLES.framework in Frameworks */,
				2B79B9291A883C0500544E78 /* libz.dylib in Frameworks */,
				2B79B9271A883BFF00544E78 /* libicucore.dylib in Frameworks */,
				2B79B9251A883BF700544E78 /* libc++.dylib in Frameworks */,
				2B79B9231A883BE100544E78 /* ImageIO.framework in Frameworks */,
				2B79B9211A883BDA00544E78 /* GLKit.framework in Frameworks */,
				2B79B91F1A883BD000544E78 /* CoreText.framework in Frameworks */,
				2BC9C43C1A956DF90044D886 /* Firebase.framework in Frameworks */,
				2B79B91D1A883BC800544E78 /* CoreLocation.framework in Frameworks */,
				2B79B91B1A883BC100544E78 /* CoreData.framework in Frameworks */,
				2B79B9191A883BB900544E78 /* AVFoundation.framework in Frameworks */,
				2BEC04901A7AEAB2003E77DD /* FacebookSDK.framework in Frameworks */,
				2BF988F61A89786C00F9E327 /* Alamofire.framework in Frameworks */,
			);
			runOnlyForDeploymentPostprocessing = 0;
		};
		2BE791F61A79700E00DE0E57 /* Frameworks */ = {
			isa = PBXFrameworksBuildPhase;
			buildActionMask = 2147483647;
			files = (
			);
			runOnlyForDeploymentPostprocessing = 0;
		};
/* End PBXFrameworksBuildPhase section */

/* Begin PBXGroup section */
		2B04BCFE1A80042000494335 /* RNCryptor */ = {
			isa = PBXGroup;
			children = (
				2B04BCFF1A80042000494335 /* RNCryptor+Private.h */,
				2B04BD001A80042000494335 /* RNCryptor-Prefix.pch */,
				2B04BD011A80042000494335 /* RNCryptor.h */,
				2B04BD021A80042000494335 /* RNCryptor.m */,
				2B04BD031A80042000494335 /* RNCryptorEngine.h */,
				2B04BD041A80042000494335 /* RNCryptorEngine.m */,
				2B04BD051A80042000494335 /* RNDecryptor.h */,
				2B04BD061A80042000494335 /* RNDecryptor.m */,
				2B04BD071A80042000494335 /* RNEncryptor.h */,
				2B04BD081A80042000494335 /* RNEncryptor.m */,
			);
			path = RNCryptor;
			sourceTree = "<group>";
		};
		2BC9C40E1A928CCB0044D886 /* NewsFeed */ = {
			isa = PBXGroup;
			children = (
				2BEC04591A79A890003E77DD /* NewsFeedTableViewCell.swift */,
				2BBE282C1A84282000594E24 /* NewsFeedCell.xib */,
				2BE7921A1A7985D100DE0E57 /* NewsFeedController.swift */,
			);
			name = NewsFeed;
			sourceTree = "<group>";
		};
		2BC9C4121A9396E40044D886 /* Constants */ = {
			isa = PBXGroup;
			children = (
				2BF988DA1A8960B900F9E327 /* APIkeys.swift */,
				2BE604291A9FD726004685C0 /* ReturnCodes.swift */,
				2B04BD111A80228300494335 /* BackendConstants.swift */,
				2BE604231A9FD3AB004685C0 /* ActionCodes.swift */,
			);
			name = Constants;
			sourceTree = "<group>";
		};
		2BC9C4131A9396F80044D886 /* User */ = {
			isa = PBXGroup;
			children = (
				2BC7D80E1A87FCD600F21401 /* UserPreferences.swift */,
				2BF988E31A8973EF00F9E327 /* ProfileViewController.swift */,
				2BE791EB1A79700E00DE0E57 /* LoginViewController.swift */,
				3C562EAF1A9BD4C600CCD97B /* User.swift */,
				2B04BD0F1A801FC700494335 /* NewUserController.swift */,
			);
			name = User;
			sourceTree = "<group>";
		};
		2BC9C4281A956C050044D886 /* Products */ = {
			isa = PBXGroup;
			children = (
				2BC9C42F1A956C050044D886 /* CryptoSwift.framework */,
				2BC9C4311A956C050044D886 /* CryptoSwiftTests.xctest */,
			);
			name = Products;
			sourceTree = "<group>";
		};
		2BC9C43D1A956EAF0044D886 /* JSQMessagesViewController */ = {
			isa = PBXGroup;
			children = (
				2BC9C43E1A956EAF0044D886 /* Assets */,
				2BC9C4531A956EAF0044D886 /* Categories */,
				2BC9C45E1A956EAF0044D886 /* Controllers */,
				2BC9C4641A956EAF0044D886 /* Factories */,
				2BC9C46D1A956EAF0044D886 /* JSQMessages.h */,
				2BC9C46E1A956EAF0044D886 /* Layout */,
				2BC9C4751A956EAF0044D886 /* Model */,
				2BC9C4791A956EAF0044D886 /* Views */,
			);
			path = JSQMessagesViewController;
			sourceTree = "<group>";
		};
		2BC9C43E1A956EAF0044D886 /* Assets */ = {
			isa = PBXGroup;
			children = (
				2BC9C43F1A956EAF0044D886 /* Images */,
				2BC9C4501A956EAF0044D886 /* Sounds */,
			);
			path = Assets;
			sourceTree = "<group>";
		};
		2BC9C43F1A956EAF0044D886 /* Images */ = {
			isa = PBXGroup;
			children = (
				2BC9C4401A956EAF0044D886 /* bubble.png */,
				2BC9C4411A956EAF0044D886 /* bubble@2x.png */,
				2BC9C4421A956EAF0044D886 /* bubble_min.png */,
				2BC9C4431A956EAF0044D886 /* bubble_min@2x.png */,
				2BC9C4441A956EAF0044D886 /* bubble_min_tailless.png */,
				2BC9C4451A956EAF0044D886 /* bubble_min_tailless@2x.png */,
				2BC9C4461A956EAF0044D886 /* bubble_stroked.png */,
				2BC9C4471A956EAF0044D886 /* bubble_stroked@2x.png */,
				2BC9C4481A956EAF0044D886 /* bubble_stroked_tailless.png */,
				2BC9C4491A956EAF0044D886 /* bubble_stroked_tailless@2x.png */,
				2BC9C44A1A956EAF0044D886 /* bubble_tailless.png */,
				2BC9C44B1A956EAF0044D886 /* bubble_tailless@2x.png */,
				2BC9C44C1A956EAF0044D886 /* camera.png */,
				2BC9C44D1A956EAF0044D886 /* camera@2x.png */,
				2BC9C44E1A956EAF0044D886 /* typing.png */,
				2BC9C44F1A956EAF0044D886 /* typing@2x.png */,
			);
			path = Images;
			sourceTree = "<group>";
		};
		2BC9C4501A956EAF0044D886 /* Sounds */ = {
			isa = PBXGroup;
			children = (
				2BC9C4511A956EAF0044D886 /* message_received.aiff */,
				2BC9C4521A956EAF0044D886 /* message_sent.aiff */,
			);
			path = Sounds;
			sourceTree = "<group>";
		};
		2BC9C4531A956EAF0044D886 /* Categories */ = {
			isa = PBXGroup;
			children = (
				2BC9C4541A956EAF0044D886 /* JSQSystemSoundPlayer+JSQMessages.h */,
				2BC9C4551A956EAF0044D886 /* JSQSystemSoundPlayer+JSQMessages.m */,
				2BC9C4561A956EAF0044D886 /* NSString+JSQMessages.h */,
				2BC9C4571A956EAF0044D886 /* NSString+JSQMessages.m */,
				2BC9C4581A956EAF0044D886 /* UIColor+JSQMessages.h */,
				2BC9C4591A956EAF0044D886 /* UIColor+JSQMessages.m */,
				2BC9C45A1A956EAF0044D886 /* UIImage+JSQMessages.h */,
				2BC9C45B1A956EAF0044D886 /* UIImage+JSQMessages.m */,
				2BC9C45C1A956EAF0044D886 /* UIView+JSQMessages.h */,
				2BC9C45D1A956EAF0044D886 /* UIView+JSQMessages.m */,
			);
			path = Categories;
			sourceTree = "<group>";
		};
		2BC9C45E1A956EAF0044D886 /* Controllers */ = {
			isa = PBXGroup;
			children = (
				2BC9C45F1A956EAF0044D886 /* JSQMessagesKeyboardController.h */,
				2BC9C4601A956EAF0044D886 /* JSQMessagesKeyboardController.m */,
				2BC9C4611A956EAF0044D886 /* JSQMessagesViewController.h */,
				2BC9C4621A956EAF0044D886 /* JSQMessagesViewController.m */,
				2BC9C4631A956EAF0044D886 /* JSQMessagesViewController.xib */,
			);
			path = Controllers;
			sourceTree = "<group>";
		};
		2BC9C4641A956EAF0044D886 /* Factories */ = {
			isa = PBXGroup;
			children = (
				2BC9C4651A956EAF0044D886 /* JSQMessagesAvatarFactory.h */,
				2BC9C4661A956EAF0044D886 /* JSQMessagesAvatarFactory.m */,
				2BC9C4671A956EAF0044D886 /* JSQMessagesBubbleImageFactory.h */,
				2BC9C4681A956EAF0044D886 /* JSQMessagesBubbleImageFactory.m */,
				2BC9C4691A956EAF0044D886 /* JSQMessagesTimestampFormatter.h */,
				2BC9C46A1A956EAF0044D886 /* JSQMessagesTimestampFormatter.m */,
				2BC9C46B1A956EAF0044D886 /* JSQMessagesToolbarButtonFactory.h */,
				2BC9C46C1A956EAF0044D886 /* JSQMessagesToolbarButtonFactory.m */,
			);
			path = Factories;
			sourceTree = "<group>";
		};
		2BC9C46E1A956EAF0044D886 /* Layout */ = {
			isa = PBXGroup;
			children = (
				2BC9C46F1A956EAF0044D886 /* JSQMessagesCollectionViewFlowLayout.h */,
				2BC9C4701A956EAF0044D886 /* JSQMessagesCollectionViewFlowLayout.m */,
				2BC9C4711A956EAF0044D886 /* JSQMessagesCollectionViewFlowLayoutInvalidationContext.h */,
				2BC9C4721A956EAF0044D886 /* JSQMessagesCollectionViewFlowLayoutInvalidationContext.m */,
				2BC9C4731A956EAF0044D886 /* JSQMessagesCollectionViewLayoutAttributes.h */,
				2BC9C4741A956EAF0044D886 /* JSQMessagesCollectionViewLayoutAttributes.m */,
			);
			path = Layout;
			sourceTree = "<group>";
		};
		2BC9C4751A956EAF0044D886 /* Model */ = {
			isa = PBXGroup;
			children = (
				2BC9C4761A956EAF0044D886 /* JSQMessage.h */,
				2BC9C4771A956EAF0044D886 /* JSQMessage.m */,
				2BC9C4781A956EAF0044D886 /* JSQMessageData.h */,
			);
			path = Model;
			sourceTree = "<group>";
		};
		2BC9C4791A956EAF0044D886 /* Views */ = {
			isa = PBXGroup;
			children = (
				2BC9C47A1A956EAF0044D886 /* JSQMessagesCollectionView.h */,
				2BC9C47B1A956EAF0044D886 /* JSQMessagesCollectionView.m */,
				2BC9C47C1A956EAF0044D886 /* JSQMessagesCollectionViewCell.h */,
				2BC9C47D1A956EAF0044D886 /* JSQMessagesCollectionViewCell.m */,
				2BC9C47E1A956EAF0044D886 /* JSQMessagesCollectionViewCellIncoming.h */,
				2BC9C47F1A956EAF0044D886 /* JSQMessagesCollectionViewCellIncoming.m */,
				2BC9C4801A956EAF0044D886 /* JSQMessagesCollectionViewCellIncoming.xib */,
				2BC9C4811A956EAF0044D886 /* JSQMessagesCollectionViewCellOutgoing.h */,
				2BC9C4821A956EAF0044D886 /* JSQMessagesCollectionViewCellOutgoing.m */,
				2BC9C4831A956EAF0044D886 /* JSQMessagesCollectionViewCellOutgoing.xib */,
				2BC9C4841A956EAF0044D886 /* JSQMessagesComposerTextView.h */,
				2BC9C4851A956EAF0044D886 /* JSQMessagesComposerTextView.m */,
				2BC9C4861A956EAF0044D886 /* JSQMessagesInputToolbar.h */,
				2BC9C4871A956EAF0044D886 /* JSQMessagesInputToolbar.m */,
				2BC9C4881A956EAF0044D886 /* JSQMessagesLabel.h */,
				2BC9C4891A956EAF0044D886 /* JSQMessagesLabel.m */,
				2BC9C48A1A956EAF0044D886 /* JSQMessagesLoadEarlierHeaderView.h */,
				2BC9C48B1A956EB00044D886 /* JSQMessagesLoadEarlierHeaderView.m */,
				2BC9C48C1A956EB00044D886 /* JSQMessagesLoadEarlierHeaderView.xib */,
				2BC9C48D1A956EB00044D886 /* JSQMessagesToolbarContentView.h */,
				2BC9C48E1A956EB00044D886 /* JSQMessagesToolbarContentView.m */,
				2BC9C48F1A956EB00044D886 /* JSQMessagesToolbarContentView.xib */,
				2BC9C4901A956EB00044D886 /* JSQMessagesTypingIndicatorFooterView.h */,
				2BC9C4911A956EB00044D886 /* JSQMessagesTypingIndicatorFooterView.m */,
				2BC9C4921A956EB00044D886 /* JSQMessagesTypingIndicatorFooterView.xib */,
			);
			path = Views;
			sourceTree = "<group>";
		};
		2BC9C4C41A956EBA0044D886 /* JSQSystemSoundPlayer */ = {
			isa = PBXGroup;
			children = (
				2BC9C4C51A956EBA0044D886 /* Classes */,
			);
			path = JSQSystemSoundPlayer;
			sourceTree = "<group>";
		};
		2BC9C4C51A956EBA0044D886 /* Classes */ = {
			isa = PBXGroup;
			children = (
				2BC9C4C61A956EBA0044D886 /* JSQSystemSoundPlayer.h */,
				2BC9C4C71A956EBA0044D886 /* JSQSystemSoundPlayer.m */,
			);
			path = Classes;
			sourceTree = "<group>";
		};
		2BC9C4CD1A9587EC0044D886 /* Chat */ = {
			isa = PBXGroup;
			children = (
				2BC9C4C91A9587DD0044D886 /* MessagesViewController.swift */,
				2BC9C4CA1A9587DD0044D886 /* Message.swift */,
			);
			name = Chat;
			sourceTree = "<group>";
		};
		2BE604051A9AC6D1004685C0 /* GoogleSearchAutocomplete */ = {
			isa = PBXGroup;
			children = (
				2BE604011A9ABEFB004685C0 /* GoogleSearch.swift */,
				2BE604031A9AC37B004685C0 /* GooglePlace.swift */,
				2BE604061A9B83DF004685C0 /* GooglePlaceDetail.swift */,
			);
			name = GoogleSearchAutocomplete;
			sourceTree = "<group>";
		};
		2BE791D81A79700E00DE0E57 = {
			isa = PBXGroup;
			children = (
				2BC9C4271A956C050044D886 /* CryptoSwift.xcodeproj */,
				2BF988ED1A89785F00F9E327 /* Alamofire.xcodeproj */,
				2BE791E31A79700E00DE0E57 /* All Aboard */,
				2BE791FC1A79700E00DE0E57 /* All AboardTests */,
				2BE791E21A79700E00DE0E57 /* Products */,
			);
			sourceTree = "<group>";
		};
		2BE791E21A79700E00DE0E57 /* Products */ = {
			isa = PBXGroup;
			children = (
				2BE791E11A79700E00DE0E57 /* All Aboard.app */,
				2BE791F91A79700E00DE0E57 /* All AboardTests.xctest */,
			);
			name = Products;
			sourceTree = "<group>";
		};
		2BE791E31A79700E00DE0E57 /* All Aboard */ = {
			isa = PBXGroup;
			children = (
				3C562EA11A9BB5C000CCD97B /* Events */,
				3C562E9E1A9BB51D00CCD97B /* Friendslist */,
				2BE7920C1A79710400DE0E57 /* Frameworks */,
				2BE792171A79830100DE0E57 /* SWRevealControllers */,
				2BC9C4121A9396E40044D886 /* Constants */,
				2BC9C4131A9396F80044D886 /* User */,
				2BC9C40E1A928CCB0044D886 /* NewsFeed */,
				2BC9C4CD1A9587EC0044D886 /* Chat */,
				2B148B5E1A8C4E6F000E385F /* BluemixCommunication.swift */,
				2BE791E61A79700E00DE0E57 /* AppDelegate.swift */,
				2BE604051A9AC6D1004685C0 /* GoogleSearchAutocomplete */,
				2BE791ED1A79700E00DE0E57 /* Main.storyboard */,
				2BE791F01A79700E00DE0E57 /* Images.xcassets */,
				2BE791F21A79700E00DE0E57 /* LaunchScreen.xib */,
				2BE791E81A79700E00DE0E57 /* All_Aboard.xcdatamodeld */,
				2BE7920D1A79717000DE0E57 /* All-Aboard-Bridging-Header.h */,
				2BE791E41A79700E00DE0E57 /* Supporting Files */,
			);
			path = "All Aboard";
			sourceTree = "<group>";
		};
		2BE791E41A79700E00DE0E57 /* Supporting Files */ = {
			isa = PBXGroup;
			children = (
				2BE791E51A79700E00DE0E57 /* Info.plist */,
			);
			name = "Supporting Files";
			sourceTree = "<group>";
		};
		2BE791FC1A79700E00DE0E57 /* All AboardTests */ = {
			isa = PBXGroup;
			children = (
				2BE791FF1A79700E00DE0E57 /* All_AboardTests.swift */,
				2BE791FD1A79700E00DE0E57 /* Supporting Files */,
			);
			path = "All AboardTests";
			sourceTree = "<group>";
		};
		2BE791FD1A79700E00DE0E57 /* Supporting Files */ = {
			isa = PBXGroup;
			children = (
				2BE791FE1A79700E00DE0E57 /* Info.plist */,
			);
			name = "Supporting Files";
			sourceTree = "<group>";
		};
		2BE7920C1A79710400DE0E57 /* Frameworks */ = {
			isa = PBXGroup;
			children = (
				2BC1C5F01A97FD6E000F14DA /* SwiftAddressBookWrapper.swift */,
				2BC9C4C41A956EBA0044D886 /* JSQSystemSoundPlayer */,
				2BC9C43D1A956EAF0044D886 /* JSQMessagesViewController */,
				2BC9C43B1A956DF90044D886 /* Firebase.framework */,
				2BC9C4381A956D8A0044D886 /* Firebase.framework */,
				2BC9C4361A956D6E0044D886 /* CFNetwork.framework */,
				2BC9C4341A956D4F0044D886 /* AudioToolbox.framework */,
				2BC9C4321A956CCB0044D886 /* Social.framework */,
				2B3A3D8E1A8C43DC000AC892 /* GoogleMaps.bundle */,
				2B3A3D8C1A8C43CB000AC892 /* GoogleMaps.framework */,
				2B04BCFA1A7C541400494335 /* SwiftyJSON.swift */,
				2BF988D11A895ED300F9E327 /* Security.framework */,
				2B79B92E1A883C3400544E78 /* SystemConfiguration.framework */,
				2B79B92C1A883C2700544E78 /* QuartzCore.framework */,
				2B79B92A1A883C1000544E78 /* OpenGLES.framework */,
				2B79B9281A883C0500544E78 /* libz.dylib */,
				2B79B9261A883BFF00544E78 /* libicucore.dylib */,
				2B79B9241A883BF700544E78 /* libc++.dylib */,
				2B79B9221A883BE100544E78 /* ImageIO.framework */,
				2B79B9201A883BDA00544E78 /* GLKit.framework */,
				2B79B91E1A883BD000544E78 /* CoreText.framework */,
				2B79B91C1A883BC800544E78 /* CoreLocation.framework */,
				2B79B91A1A883BC100544E78 /* CoreData.framework */,
				2B79B9181A883BB900544E78 /* AVFoundation.framework */,
				2B04BCFE1A80042000494335 /* RNCryptor */,
				2BEC048F1A7AEAB2003E77DD /* FacebookSDK.framework */,
				2BE792111A79822500DE0E57 /* SWRevealViewController */,
			);
			name = Frameworks;
			sourceTree = "<group>";
		};
		2BE792111A79822500DE0E57 /* SWRevealViewController */ = {
			isa = PBXGroup;
			children = (
				2BE792121A79822500DE0E57 /* SWRevealViewController.h */,
				2BE792131A79822500DE0E57 /* SWRevealViewController.m */,
			);
			path = SWRevealViewController;
			sourceTree = "<group>";
		};
		2BE792171A79830100DE0E57 /* SWRevealControllers */ = {
			isa = PBXGroup;
			children = (
				2BE792181A79832800DE0E57 /* RearViewController.swift */,
			);
			name = SWRevealControllers;
			sourceTree = "<group>";
		};
		2BF988EE1A89785F00F9E327 /* Products */ = {
			isa = PBXGroup;
			children = (
				2BF988F31A89785F00F9E327 /* Alamofire.framework */,
				2BF988F51A89785F00F9E327 /* AlamofireTests.xctest */,
			);
			name = Products;
			sourceTree = "<group>";
		};
		3C3D37DE1A9515410012D989 /* Products */ = {
			isa = PBXGroup;
			children = (
				3C3D37E31A9515410012D989 /* CryptoSwift.framework */,
				3C3D37E51A9515410012D989 /* CryptoSwiftTests.xctest */,
			);
			name = Products;
			sourceTree = "<group>";
		};
		3C562E9E1A9BB51D00CCD97B /* Friendslist */ = {
			isa = PBXGroup;
			children = (
				2BC1C5F81A9A6ABF000F14DA /* ContactTableViewCell.swift */,
				2BC1C5F61A9A6733000F14DA /* AddFriendsViewController.swift */,
				3C562EA71A9BBCB200CCD97B /* ViewFriendsViewController.swift */,
				3C562EAD1A9BCE6700CCD97B /* SearchFriendsViewController.swift */,
			);
			name = Friendslist;
			path = ..;
			sourceTree = "<group>";
		};
		3C562EA11A9BB5C000CCD97B /* Events */ = {
			isa = PBXGroup;
			children = (
				2BE6040F1A9BC6DD004685C0 /* PhotoGalleryCollectionViewCell.swift */,
				3C6FA85E1A9FE17100BCD602 /* Event.swift */,
				2B79B90D1A88231B00544E78 /* ViewEventController.swift */,
				3C97C1181A7C5354006243A9 /* CreateEventViewController.swift */,
			);
			name = Events;
			sourceTree = "<group>";
		};
/* End PBXGroup section */

/* Begin PBXNativeTarget section */
		2BE791E01A79700E00DE0E57 /* All Aboard */ = {
			isa = PBXNativeTarget;
			buildConfigurationList = 2BE792031A79700E00DE0E57 /* Build configuration list for PBXNativeTarget "All Aboard" */;
			buildPhases = (
				2BE791DD1A79700E00DE0E57 /* Sources */,
				2BE791DE1A79700E00DE0E57 /* Frameworks */,
				2BE791DF1A79700E00DE0E57 /* Resources */,
				2BEC04A91A7AEFD9003E77DD /* CopyFiles */,
			);
			buildRules = (
			);
			dependencies = (
				2BF988F91A89786C00F9E327 /* PBXTargetDependency */,
				2BEE981E1A969F17008FA1CC /* PBXTargetDependency */,
			);
			name = "All Aboard";
			productName = "All Aboard";
			productReference = 2BE791E11A79700E00DE0E57 /* All Aboard.app */;
			productType = "com.apple.product-type.application";
		};
		2BE791F81A79700E00DE0E57 /* All AboardTests */ = {
			isa = PBXNativeTarget;
			buildConfigurationList = 2BE792061A79700E00DE0E57 /* Build configuration list for PBXNativeTarget "All AboardTests" */;
			buildPhases = (
				2BE791F51A79700E00DE0E57 /* Sources */,
				2BE791F61A79700E00DE0E57 /* Frameworks */,
				2BE791F71A79700E00DE0E57 /* Resources */,
			);
			buildRules = (
			);
			dependencies = (
				2BE791FB1A79700E00DE0E57 /* PBXTargetDependency */,
			);
			name = "All AboardTests";
			productName = "All AboardTests";
			productReference = 2BE791F91A79700E00DE0E57 /* All AboardTests.xctest */;
			productType = "com.apple.product-type.bundle.unit-test";
		};
/* End PBXNativeTarget section */

/* Begin PBXProject section */
		2BE791D91A79700E00DE0E57 /* Project object */ = {
			isa = PBXProject;
			attributes = {
				LastUpgradeCheck = 0610;
				ORGANIZATIONNAME = "Nick Martinson";
				TargetAttributes = {
					2BE791E01A79700E00DE0E57 = {
						CreatedOnToolsVersion = 6.1.1;
						DevelopmentTeam = B782ML49FF;
					};
					2BE791F81A79700E00DE0E57 = {
						CreatedOnToolsVersion = 6.1.1;
						TestTargetID = 2BE791E01A79700E00DE0E57;
					};
				};
			};
			buildConfigurationList = 2BE791DC1A79700E00DE0E57 /* Build configuration list for PBXProject "All Aboard" */;
			compatibilityVersion = "Xcode 3.2";
			developmentRegion = English;
			hasScannedForEncodings = 0;
			knownRegions = (
				en,
				Base,
			);
			mainGroup = 2BE791D81A79700E00DE0E57;
			productRefGroup = 2BE791E21A79700E00DE0E57 /* Products */;
			projectDirPath = "";
			projectReferences = (
				{
					ProductGroup = 2BF988EE1A89785F00F9E327 /* Products */;
					ProjectRef = 2BF988ED1A89785F00F9E327 /* Alamofire.xcodeproj */;
				},
				{
					ProductGroup = 3C3D37DE1A9515410012D989 /* Products */;
					ProjectRef = 3C3D37DD1A9515410012D989 /* CryptoSwift.xcodeproj */;
				},
				{
					ProductGroup = 2BC9C4281A956C050044D886 /* Products */;
					ProjectRef = 2BC9C4271A956C050044D886 /* CryptoSwift.xcodeproj */;
				},
			);
			projectRoot = "";
			targets = (
				2BE791E01A79700E00DE0E57 /* All Aboard */,
				2BE791F81A79700E00DE0E57 /* All AboardTests */,
			);
		};
/* End PBXProject section */

/* Begin PBXReferenceProxy section */
		2BC9C42F1A956C050044D886 /* CryptoSwift.framework */ = {
			isa = PBXReferenceProxy;
			fileType = wrapper.framework;
			path = CryptoSwift.framework;
			remoteRef = 2BC9C42E1A956C050044D886 /* PBXContainerItemProxy */;
			sourceTree = BUILT_PRODUCTS_DIR;
		};
		2BC9C4311A956C050044D886 /* CryptoSwiftTests.xctest */ = {
			isa = PBXReferenceProxy;
			fileType = wrapper.cfbundle;
			path = CryptoSwiftTests.xctest;
			remoteRef = 2BC9C4301A956C050044D886 /* PBXContainerItemProxy */;
			sourceTree = BUILT_PRODUCTS_DIR;
		};
		2BF988F31A89785F00F9E327 /* Alamofire.framework */ = {
			isa = PBXReferenceProxy;
			fileType = wrapper.framework;
			path = Alamofire.framework;
			remoteRef = 2BF988F21A89785F00F9E327 /* PBXContainerItemProxy */;
			sourceTree = BUILT_PRODUCTS_DIR;
		};
		2BF988F51A89785F00F9E327 /* AlamofireTests.xctest */ = {
			isa = PBXReferenceProxy;
			fileType = wrapper.cfbundle;
			path = AlamofireTests.xctest;
			remoteRef = 2BF988F41A89785F00F9E327 /* PBXContainerItemProxy */;
			sourceTree = BUILT_PRODUCTS_DIR;
		};
		3C3D37E31A9515410012D989 /* CryptoSwift.framework */ = {
			isa = PBXReferenceProxy;
			fileType = wrapper.framework;
			path = CryptoSwift.framework;
			remoteRef = 3C3D37E21A9515410012D989 /* PBXContainerItemProxy */;
			sourceTree = BUILT_PRODUCTS_DIR;
		};
		3C3D37E51A9515410012D989 /* CryptoSwiftTests.xctest */ = {
			isa = PBXReferenceProxy;
			fileType = wrapper.cfbundle;
			path = CryptoSwiftTests.xctest;
			remoteRef = 3C3D37E41A9515410012D989 /* PBXContainerItemProxy */;
			sourceTree = BUILT_PRODUCTS_DIR;
		};
/* End PBXReferenceProxy section */

/* Begin PBXResourcesBuildPhase section */
		2BE791DF1A79700E00DE0E57 /* Resources */ = {
			isa = PBXResourcesBuildPhase;
			buildActionMask = 2147483647;
			files = (
				2BC9C4981A956EB00044D886 /* bubble_min_tailless@2x.png in Resources */,
				2BC9C49E1A956EB00044D886 /* bubble_tailless@2x.png in Resources */,
				2BC9C4A01A956EB00044D886 /* camera@2x.png in Resources */,
				2BC9C4A21A956EB00044D886 /* typing@2x.png in Resources */,
				2BC9C4A31A956EB00044D886 /* message_received.aiff in Resources */,
				2BC9C49B1A956EB00044D886 /* bubble_stroked_tailless.png in Resources */,
				2BC9C49D1A956EB00044D886 /* bubble_tailless.png in Resources */,
				2BC9C49F1A956EB00044D886 /* camera.png in Resources */,
				2BC9C4BF1A956EB00044D886 /* JSQMessagesLoadEarlierHeaderView.xib in Resources */,
				2BC9C4951A956EB00044D886 /* bubble_min.png in Resources */,
				2BE791EF1A79700E00DE0E57 /* Main.storyboard in Resources */,
				2BC9C4961A956EB00044D886 /* bubble_min@2x.png in Resources */,
				2BC9C4AC1A956EB00044D886 /* JSQMessagesViewController.xib in Resources */,
				2BC9C4991A956EB00044D886 /* bubble_stroked.png in Resources */,
				2BC9C49C1A956EB00044D886 /* bubble_stroked_tailless@2x.png in Resources */,
				2BC9C49A1A956EB00044D886 /* bubble_stroked@2x.png in Resources */,
				2BC9C4A41A956EB00044D886 /* message_sent.aiff in Resources */,
				2BE791F41A79700E00DE0E57 /* LaunchScreen.xib in Resources */,
				2BC9C4941A956EB00044D886 /* bubble@2x.png in Resources */,
				2BBE282D1A84282000594E24 /* NewsFeedCell.xib in Resources */,
				2BE791F11A79700E00DE0E57 /* Images.xcassets in Resources */,
				2BC9C4C31A956EB00044D886 /* JSQMessagesTypingIndicatorFooterView.xib in Resources */,
				2BC9C4A11A956EB00044D886 /* typing.png in Resources */,
				2B3A3D8F1A8C43DC000AC892 /* GoogleMaps.bundle in Resources */,
				2BC9C4B81A956EB00044D886 /* JSQMessagesCollectionViewCellIncoming.xib in Resources */,
				2BC9C4BA1A956EB00044D886 /* JSQMessagesCollectionViewCellOutgoing.xib in Resources */,
				2BC9C4931A956EB00044D886 /* bubble.png in Resources */,
				2BC9C4971A956EB00044D886 /* bubble_min_tailless.png in Resources */,
				2BC9C4C11A956EB00044D886 /* JSQMessagesToolbarContentView.xib in Resources */,
			);
			runOnlyForDeploymentPostprocessing = 0;
		};
		2BE791F71A79700E00DE0E57 /* Resources */ = {
			isa = PBXResourcesBuildPhase;
			buildActionMask = 2147483647;
			files = (
			);
			runOnlyForDeploymentPostprocessing = 0;
		};
/* End PBXResourcesBuildPhase section */

/* Begin PBXSourcesBuildPhase section */
		2BE791DD1A79700E00DE0E57 /* Sources */ = {
			isa = PBXSourcesBuildPhase;
			buildActionMask = 2147483647;
			files = (
				2BC7D80F1A87FCD600F21401 /* UserPreferences.swift in Sources */,
				2B04BD0C1A80042000494335 /* RNEncryptor.m in Sources */,
				2BC9C4A61A956EB00044D886 /* NSString+JSQMessages.m in Sources */,
				2BC1C5F91A9A6ABF000F14DA /* ContactTableViewCell.swift in Sources */,
				2BF988DB1A8960B900F9E327 /* APIkeys.swift in Sources */,
				2BE604041A9AC37B004685C0 /* GooglePlace.swift in Sources */,
				2BC9C4C01A956EB00044D886 /* JSQMessagesToolbarContentView.m in Sources */,
				3C562EB01A9BD4C600CCD97B /* User.swift in Sources */,
				2BC9C4AE1A956EB00044D886 /* JSQMessagesBubbleImageFactory.m in Sources */,
				2BC9C4CC1A9587DD0044D886 /* Message.swift in Sources */,
				2BEC045A1A79A890003E77DD /* NewsFeedTableViewCell.swift in Sources */,
				2BC1C5F11A97FD6E000F14DA /* SwiftAddressBookWrapper.swift in Sources */,
				2BC9C4AF1A956EB00044D886 /* JSQMessagesTimestampFormatter.m in Sources */,
				2B04BD121A80228300494335 /* BackendConstants.swift in Sources */,
				2BC9C4A91A956EB00044D886 /* UIView+JSQMessages.m in Sources */,
				3C562EAE1A9BCE6700CCD97B /* SearchFriendsViewController.swift in Sources */,
				2BC9C4BD1A956EB00044D886 /* JSQMessagesLabel.m in Sources */,
				2BC9C4AA1A956EB00044D886 /* JSQMessagesKeyboardController.m in Sources */,
				2BC9C4BB1A956EB00044D886 /* JSQMessagesComposerTextView.m in Sources */,
				2BC9C4CB1A9587DD0044D886 /* MessagesViewController.swift in Sources */,
				2BE791EC1A79700E00DE0E57 /* LoginViewController.swift in Sources */,
				2BE604021A9ABEFB004685C0 /* GoogleSearch.swift in Sources */,
				2BC9C4BE1A956EB00044D886 /* JSQMessagesLoadEarlierHeaderView.m in Sources */,
				2B04BCFB1A7C541400494335 /* SwiftyJSON.swift in Sources */,
				2B79B90E1A88231B00544E78 /* ViewEventController.swift in Sources */,
				2BE7921B1A7985D100DE0E57 /* NewsFeedController.swift in Sources */,
				2BE604241A9FD3AB004685C0 /* ActionCodes.swift in Sources */,
				2BC9C4A81A956EB00044D886 /* UIImage+JSQMessages.m in Sources */,
				2B04BD0B1A80042000494335 /* RNDecryptor.m in Sources */,
				2BC9C4B91A956EB00044D886 /* JSQMessagesCollectionViewCellOutgoing.m in Sources */,
				2BC9C4AD1A956EB00044D886 /* JSQMessagesAvatarFactory.m in Sources */,
				2BC9C4B11A956EB00044D886 /* JSQMessagesCollectionViewFlowLayout.m in Sources */,
				2BE604101A9BC6DD004685C0 /* PhotoGalleryCollectionViewCell.swift in Sources */,
				2BC9C4B31A956EB00044D886 /* JSQMessagesCollectionViewLayoutAttributes.m in Sources */,
				2BE791EA1A79700E00DE0E57 /* All_Aboard.xcdatamodeld in Sources */,
				2BE791E71A79700E00DE0E57 /* AppDelegate.swift in Sources */,
				2BC9C4B01A956EB00044D886 /* JSQMessagesToolbarButtonFactory.m in Sources */,
				2BE792141A79822500DE0E57 /* SWRevealViewController.m in Sources */,
				2BC9C4C21A956EB00044D886 /* JSQMessagesTypingIndicatorFooterView.m in Sources */,
				2BC9C4A71A956EB00044D886 /* UIColor+JSQMessages.m in Sources */,
				2BE792191A79832800DE0E57 /* RearViewController.swift in Sources */,
				2BE6042A1A9FD726004685C0 /* ReturnCodes.swift in Sources */,
				2BC9C4BC1A956EB00044D886 /* JSQMessagesInputToolbar.m in Sources */,
				2BC9C4B71A956EB00044D886 /* JSQMessagesCollectionViewCellIncoming.m in Sources */,
				2BC9C4A51A956EB00044D886 /* JSQSystemSoundPlayer+JSQMessages.m in Sources */,
				2B04BD0A1A80042000494335 /* RNCryptorEngine.m in Sources */,
				2BC9C4B21A956EB00044D886 /* JSQMessagesCollectionViewFlowLayoutInvalidationContext.m in Sources */,
				2B148B5F1A8C4E6F000E385F /* BluemixCommunication.swift in Sources */,
				2BC9C4AB1A956EB00044D886 /* JSQMessagesViewController.m in Sources */,
				2BC9C4B61A956EB00044D886 /* JSQMessagesCollectionViewCell.m in Sources */,
				2BE604071A9B83DF004685C0 /* GooglePlaceDetail.swift in Sources */,
				3C562EA81A9BBCB200CCD97B /* ViewFriendsViewController.swift in Sources */,
				3C6FA85F1A9FE17100BCD602 /* Event.swift in Sources */,
				2BC1C5F71A9A6733000F14DA /* AddFriendsViewController.swift in Sources */,
				2B04BD091A80042000494335 /* RNCryptor.m in Sources */,
				2BC9C4C81A956EBA0044D886 /* JSQSystemSoundPlayer.m in Sources */,
				2BC9C4B51A956EB00044D886 /* JSQMessagesCollectionView.m in Sources */,
				2BF988E41A8973EF00F9E327 /* ProfileViewController.swift in Sources */,
				3C97C1191A7C5354006243A9 /* CreateEventViewController.swift in Sources */,
				2B04BD101A801FC700494335 /* NewUserController.swift in Sources */,
				2BC9C4B41A956EB00044D886 /* JSQMessage.m in Sources */,
			);
			runOnlyForDeploymentPostprocessing = 0;
		};
		2BE791F51A79700E00DE0E57 /* Sources */ = {
			isa = PBXSourcesBuildPhase;
			buildActionMask = 2147483647;
			files = (
				2BE792001A79700E00DE0E57 /* All_AboardTests.swift in Sources */,
			);
			runOnlyForDeploymentPostprocessing = 0;
		};
/* End PBXSourcesBuildPhase section */

/* Begin PBXTargetDependency section */
		2BE791FB1A79700E00DE0E57 /* PBXTargetDependency */ = {
			isa = PBXTargetDependency;
			target = 2BE791E01A79700E00DE0E57 /* All Aboard */;
			targetProxy = 2BE791FA1A79700E00DE0E57 /* PBXContainerItemProxy */;
		};
		2BEE981E1A969F17008FA1CC /* PBXTargetDependency */ = {
			isa = PBXTargetDependency;
			name = CryptoSwift;
			targetProxy = 2BEE981D1A969F17008FA1CC /* PBXContainerItemProxy */;
		};
		2BF988F91A89786C00F9E327 /* PBXTargetDependency */ = {
			isa = PBXTargetDependency;
			name = Alamofire;
			targetProxy = 2BF988F81A89786C00F9E327 /* PBXContainerItemProxy */;
		};
/* End PBXTargetDependency section */

/* Begin PBXVariantGroup section */
		2BE791ED1A79700E00DE0E57 /* Main.storyboard */ = {
			isa = PBXVariantGroup;
			children = (
				2BE791EE1A79700E00DE0E57 /* Base */,
			);
			name = Main.storyboard;
			sourceTree = "<group>";
		};
		2BE791F21A79700E00DE0E57 /* LaunchScreen.xib */ = {
			isa = PBXVariantGroup;
			children = (
				2BE791F31A79700E00DE0E57 /* Base */,
			);
			name = LaunchScreen.xib;
			sourceTree = "<group>";
		};
/* End PBXVariantGroup section */

/* Begin XCBuildConfiguration section */
		2BE792011A79700E00DE0E57 /* Debug */ = {
			isa = XCBuildConfiguration;
			buildSettings = {
				ALWAYS_SEARCH_USER_PATHS = NO;
				CLANG_CXX_LANGUAGE_STANDARD = "gnu++0x";
				CLANG_CXX_LIBRARY = "libc++";
				CLANG_ENABLE_MODULES = YES;
				CLANG_ENABLE_OBJC_ARC = YES;
				CLANG_WARN_BOOL_CONVERSION = YES;
				CLANG_WARN_CONSTANT_CONVERSION = YES;
				CLANG_WARN_DIRECT_OBJC_ISA_USAGE = YES_ERROR;
				CLANG_WARN_EMPTY_BODY = YES;
				CLANG_WARN_ENUM_CONVERSION = YES;
				CLANG_WARN_INT_CONVERSION = YES;
				CLANG_WARN_OBJC_ROOT_CLASS = YES_ERROR;
				CLANG_WARN_UNREACHABLE_CODE = YES;
				CLANG_WARN__DUPLICATE_METHOD_MATCH = YES;
				"CODE_SIGN_IDENTITY[sdk=iphoneos*]" = "iPhone Developer";
				COPY_PHASE_STRIP = NO;
				ENABLE_STRICT_OBJC_MSGSEND = YES;
				GCC_C_LANGUAGE_STANDARD = gnu99;
				GCC_DYNAMIC_NO_PIC = NO;
				GCC_OPTIMIZATION_LEVEL = 0;
				GCC_PREPROCESSOR_DEFINITIONS = (
					"DEBUG=1",
					"$(inherited)",
				);
				GCC_SYMBOLS_PRIVATE_EXTERN = NO;
				GCC_WARN_64_TO_32_BIT_CONVERSION = YES;
				GCC_WARN_ABOUT_RETURN_TYPE = YES_ERROR;
				GCC_WARN_UNDECLARED_SELECTOR = YES;
				GCC_WARN_UNINITIALIZED_AUTOS = YES_AGGRESSIVE;
				GCC_WARN_UNUSED_FUNCTION = YES;
				GCC_WARN_UNUSED_VARIABLE = YES;
				IPHONEOS_DEPLOYMENT_TARGET = 8.1;
				MTL_ENABLE_DEBUG_INFO = YES;
				ONLY_ACTIVE_ARCH = YES;
				SDKROOT = iphoneos;
				SWIFT_OPTIMIZATION_LEVEL = "-Onone";
				TARGETED_DEVICE_FAMILY = "1,2";
			};
			name = Debug;
		};
		2BE792021A79700E00DE0E57 /* Release */ = {
			isa = XCBuildConfiguration;
			buildSettings = {
				ALWAYS_SEARCH_USER_PATHS = NO;
				CLANG_CXX_LANGUAGE_STANDARD = "gnu++0x";
				CLANG_CXX_LIBRARY = "libc++";
				CLANG_ENABLE_MODULES = YES;
				CLANG_ENABLE_OBJC_ARC = YES;
				CLANG_WARN_BOOL_CONVERSION = YES;
				CLANG_WARN_CONSTANT_CONVERSION = YES;
				CLANG_WARN_DIRECT_OBJC_ISA_USAGE = YES_ERROR;
				CLANG_WARN_EMPTY_BODY = YES;
				CLANG_WARN_ENUM_CONVERSION = YES;
				CLANG_WARN_INT_CONVERSION = YES;
				CLANG_WARN_OBJC_ROOT_CLASS = YES_ERROR;
				CLANG_WARN_UNREACHABLE_CODE = YES;
				CLANG_WARN__DUPLICATE_METHOD_MATCH = YES;
				"CODE_SIGN_IDENTITY[sdk=iphoneos*]" = "iPhone Developer";
				COPY_PHASE_STRIP = YES;
				ENABLE_NS_ASSERTIONS = NO;
				ENABLE_STRICT_OBJC_MSGSEND = YES;
				GCC_C_LANGUAGE_STANDARD = gnu99;
				GCC_WARN_64_TO_32_BIT_CONVERSION = YES;
				GCC_WARN_ABOUT_RETURN_TYPE = YES_ERROR;
				GCC_WARN_UNDECLARED_SELECTOR = YES;
				GCC_WARN_UNINITIALIZED_AUTOS = YES_AGGRESSIVE;
				GCC_WARN_UNUSED_FUNCTION = YES;
				GCC_WARN_UNUSED_VARIABLE = YES;
				IPHONEOS_DEPLOYMENT_TARGET = 8.1;
				MTL_ENABLE_DEBUG_INFO = NO;
				SDKROOT = iphoneos;
				TARGETED_DEVICE_FAMILY = "1,2";
				VALIDATE_PRODUCT = YES;
			};
			name = Release;
		};
		2BE792041A79700E00DE0E57 /* Debug */ = {
			isa = XCBuildConfiguration;
			buildSettings = {
				ASSETCATALOG_COMPILER_APPICON_NAME = AppIcon;
				CLANG_ENABLE_MODULES = YES;
				CODE_SIGN_IDENTITY = "iPhone Developer";
				EMBEDDED_CONTENT_CONTAINS_SWIFT = YES;
				FRAMEWORK_SEARCH_PATHS = (
					"$(inherited)",
					"$(PROJECT_DIR)/All",
					Aboard,
					/Users/nickmartinson/Documents/FacebookSDK,
					"$(PROJECT_DIR)",
					"$(PROJECT_DIR)/All",
					Aboard,
					"$(PROJECT_DIR)/All",
					Aboard,
					"$(PROJECT_DIR)/All",
					Aboard,
					"$(PROJECT_DIR)/All",
					Aboard,
					"$(PROJECT_DIR)/All",
					Aboard,
				);
				INFOPLIST_FILE = "All Aboard/Info.plist";
				LD_RUNPATH_SEARCH_PATHS = "$(inherited) @executable_path/Frameworks";
				OTHER_LDFLAGS = "-ObjC";
				PRODUCT_NAME = "$(TARGET_NAME)";
				SWIFT_OBJC_BRIDGING_HEADER = "All Aboard/All-Aboard-Bridging-Header.h";
				SWIFT_OPTIMIZATION_LEVEL = "-Onone";
			};
			name = Debug;
		};
		2BE792051A79700E00DE0E57 /* Release */ = {
			isa = XCBuildConfiguration;
			buildSettings = {
				ASSETCATALOG_COMPILER_APPICON_NAME = AppIcon;
				CLANG_ENABLE_MODULES = YES;
				CODE_SIGN_IDENTITY = "iPhone Developer";
				EMBEDDED_CONTENT_CONTAINS_SWIFT = YES;
				FRAMEWORK_SEARCH_PATHS = (
					"$(inherited)",
					"$(PROJECT_DIR)/All",
					Aboard,
					/Users/nickmartinson/Documents/FacebookSDK,
					"$(PROJECT_DIR)",
					"$(PROJECT_DIR)/All",
					Aboard,
					"$(PROJECT_DIR)/All",
					Aboard,
					"$(PROJECT_DIR)/All",
					Aboard,
					"$(PROJECT_DIR)/All",
					Aboard,
					"$(PROJECT_DIR)/All",
					Aboard,
				);
				INFOPLIST_FILE = "All Aboard/Info.plist";
				LD_RUNPATH_SEARCH_PATHS = "$(inherited) @executable_path/Frameworks";
				OTHER_LDFLAGS = "-ObjC";
				PRODUCT_NAME = "$(TARGET_NAME)";
				SWIFT_OBJC_BRIDGING_HEADER = "All Aboard/All-Aboard-Bridging-Header.h";
			};
			name = Release;
		};
		2BE792071A79700E00DE0E57 /* Debug */ = {
			isa = XCBuildConfiguration;
			buildSettings = {
				BUNDLE_LOADER = "$(TEST_HOST)";
				FRAMEWORK_SEARCH_PATHS = (
					"$(SDKROOT)/Developer/Library/Frameworks",
					"$(inherited)",
				);
				GCC_PREPROCESSOR_DEFINITIONS = (
					"DEBUG=1",
					"$(inherited)",
				);
				INFOPLIST_FILE = "All AboardTests/Info.plist";
				LD_RUNPATH_SEARCH_PATHS = "$(inherited) @executable_path/Frameworks @loader_path/Frameworks";
				PRODUCT_NAME = "$(TARGET_NAME)";
				TEST_HOST = "$(BUILT_PRODUCTS_DIR)/All Aboard.app/All Aboard";
			};
			name = Debug;
		};
		2BE792081A79700E00DE0E57 /* Release */ = {
			isa = XCBuildConfiguration;
			buildSettings = {
				BUNDLE_LOADER = "$(TEST_HOST)";
				FRAMEWORK_SEARCH_PATHS = (
					"$(SDKROOT)/Developer/Library/Frameworks",
					"$(inherited)",
				);
				INFOPLIST_FILE = "All AboardTests/Info.plist";
				LD_RUNPATH_SEARCH_PATHS = "$(inherited) @executable_path/Frameworks @loader_path/Frameworks";
				PRODUCT_NAME = "$(TARGET_NAME)";
				TEST_HOST = "$(BUILT_PRODUCTS_DIR)/All Aboard.app/All Aboard";
			};
			name = Release;
		};
/* End XCBuildConfiguration section */

/* Begin XCConfigurationList section */
		2BE791DC1A79700E00DE0E57 /* Build configuration list for PBXProject "All Aboard" */ = {
			isa = XCConfigurationList;
			buildConfigurations = (
				2BE792011A79700E00DE0E57 /* Debug */,
				2BE792021A79700E00DE0E57 /* Release */,
			);
			defaultConfigurationIsVisible = 0;
			defaultConfigurationName = Release;
		};
		2BE792031A79700E00DE0E57 /* Build configuration list for PBXNativeTarget "All Aboard" */ = {
			isa = XCConfigurationList;
			buildConfigurations = (
				2BE792041A79700E00DE0E57 /* Debug */,
				2BE792051A79700E00DE0E57 /* Release */,
			);
			defaultConfigurationIsVisible = 0;
			defaultConfigurationName = Release;
		};
		2BE792061A79700E00DE0E57 /* Build configuration list for PBXNativeTarget "All AboardTests" */ = {
			isa = XCConfigurationList;
			buildConfigurations = (
				2BE792071A79700E00DE0E57 /* Debug */,
				2BE792081A79700E00DE0E57 /* Release */,
			);
			defaultConfigurationIsVisible = 0;
			defaultConfigurationName = Release;
		};
/* End XCConfigurationList section */

/* Begin XCVersionGroup section */
		2BE791E81A79700E00DE0E57 /* All_Aboard.xcdatamodeld */ = {
			isa = XCVersionGroup;
			children = (
				2BE791E91A79700E00DE0E57 /* All_Aboard.xcdatamodel */,
			);
			currentVersion = 2BE791E91A79700E00DE0E57 /* All_Aboard.xcdatamodel */;
			path = All_Aboard.xcdatamodeld;
			sourceTree = "<group>";
			versionGroupType = wrapper.xcdatamodel;
		};
/* End XCVersionGroup section */
	};
	rootObject = 2BE791D91A79700E00DE0E57 /* Project object */;
}
